// !$*UTF8*$!
{
	archiveVersion = 1;
	classes = {
	};
	objectVersion = 46;
	objects = {

/* Begin PBXBuildFile section */
		2508D1D715DBEECB0035126A /* AudioStreamer.m in Sources */ = {isa = PBXBuildFile; fileRef = 2508D1D515DBEECB0035126A /* AudioStreamer.m */; settings = {COMPILER_FLAGS = "-fno-objc-arc"; }; };
		2508D1D915DBEECB0035126A /* UIDevice+Hardware.m in Sources */ = {isa = PBXBuildFile; fileRef = 2508D1D615DBEECB0035126A /* UIDevice+Hardware.m */; settings = {COMPILER_FLAGS = "-fno-objc-arc"; }; };
		250E7F2115A6628A001B2D10 /* MFMResourcePlaylist.m in Sources */ = {isa = PBXBuildFile; fileRef = 250E7F2015A6628A001B2D10 /* MFMResourcePlaylist.m */; };
		250E7F2515A662D4001B2D10 /* MFMResourceSong.m in Sources */ = {isa = PBXBuildFile; fileRef = 250E7F2415A662D4001B2D10 /* MFMResourceSong.m */; };
		250E7F3015A68811001B2D10 /* MFMPlayerManager.m in Sources */ = {isa = PBXBuildFile; fileRef = 250E7F2F15A68811001B2D10 /* MFMPlayerManager.m */; };
		25124AC015DD6A5300B011AD /* MFMResourceCollection.m in Sources */ = {isa = PBXBuildFile; fileRef = 25124ABF15DD6A5200B011AD /* MFMResourceCollection.m */; };
		25161FA115DC46DE00B16227 /* MFMOAuth.m in Sources */ = {isa = PBXBuildFile; fileRef = 25161FA015DC46DE00B16227 /* MFMOAuth.m */; };
		2535788A15309190008185BD /* UIKit.framework in Frameworks */ = {isa = PBXBuildFile; fileRef = 2535788915309190008185BD /* UIKit.framework */; };
		2535788C15309190008185BD /* Foundation.framework in Frameworks */ = {isa = PBXBuildFile; fileRef = 2535788B15309190008185BD /* Foundation.framework */; };
		2535788E15309190008185BD /* CoreGraphics.framework in Frameworks */ = {isa = PBXBuildFile; fileRef = 2535788D15309190008185BD /* CoreGraphics.framework */; };
		2535789015309190008185BD /* CoreData.framework in Frameworks */ = {isa = PBXBuildFile; fileRef = 2535788F15309190008185BD /* CoreData.framework */; };
		2535789615309190008185BD /* InfoPlist.strings in Resources */ = {isa = PBXBuildFile; fileRef = 2535789415309190008185BD /* InfoPlist.strings */; };
		2535789815309190008185BD /* main.m in Sources */ = {isa = PBXBuildFile; fileRef = 2535789715309190008185BD /* main.m */; };
		2535789C15309191008185BD /* MFMAppDelegate.m in Sources */ = {isa = PBXBuildFile; fileRef = 2535789B15309191008185BD /* MFMAppDelegate.m */; };
		2535789F15309191008185BD /* Moe_FM.xcdatamodeld in Sources */ = {isa = PBXBuildFile; fileRef = 2535789D15309191008185BD /* Moe_FM.xcdatamodeld */; };
		253578B21530A0C0008185BD /* buttons.png in Resources */ = {isa = PBXBuildFile; fileRef = 253578AE1530A0C0008185BD /* buttons.png */; };
		253578B31530A0C0008185BD /* cover_large.png in Resources */ = {isa = PBXBuildFile; fileRef = 253578AF1530A0C0008185BD /* cover_large.png */; };
		253578B41530A0C0008185BD /* cover_medium.png in Resources */ = {isa = PBXBuildFile; fileRef = 253578B01530A0C0008185BD /* cover_medium.png */; };
		253578B51530A0C0008185BD /* cover_small.png in Resources */ = {isa = PBXBuildFile; fileRef = 253578B11530A0C0008185BD /* cover_small.png */; };
		253578C01530A37B008185BD /* Storyboard.storyboard in Resources */ = {isa = PBXBuildFile; fileRef = 253578C21530A37B008185BD /* Storyboard.storyboard */; };
		2539E7B215A4DFDC00E5668A /* MFMDataFetcher.m in Sources */ = {isa = PBXBuildFile; fileRef = 2539E7B115A4DFDC00E5668A /* MFMDataFetcher.m */; };
		254ECA7F15A2333F00251A0F /* GTMOAuthViewControllerTouch.m in Sources */ = {isa = PBXBuildFile; fileRef = 254ECA7E15A2333B00251A0F /* GTMOAuthViewControllerTouch.m */; settings = {COMPILER_FLAGS = "-fno-objc-arc"; }; };
		254ECA8215A233CE00251A0F /* GTMHTTPFetcher.m in Sources */ = {isa = PBXBuildFile; fileRef = 254ECA8115A233CE00251A0F /* GTMHTTPFetcher.m */; settings = {COMPILER_FLAGS = "-fno-objc-arc"; }; };
		254ECA8715A233DC00251A0F /* GTMOAuthAuthentication.m in Sources */ = {isa = PBXBuildFile; fileRef = 254ECA8415A233DC00251A0F /* GTMOAuthAuthentication.m */; settings = {COMPILER_FLAGS = "-fno-objc-arc"; }; };
		254ECA8815A233DC00251A0F /* GTMOAuthSignIn.m in Sources */ = {isa = PBXBuildFile; fileRef = 254ECA8615A233DC00251A0F /* GTMOAuthSignIn.m */; settings = {COMPILER_FLAGS = "-fno-objc-arc"; }; };
		254ECA8A15A2343A00251A0F /* Security.framework in Frameworks */ = {isa = PBXBuildFile; fileRef = 254ECA8915A2343A00251A0F /* Security.framework */; };
		254ECA9415A236B700251A0F /* GTMOAuthViewTouch.xib in Resources */ = {isa = PBXBuildFile; fileRef = 254ECA9315A236B700251A0F /* GTMOAuthViewTouch.xib */; };
		254ECAB415A4BC1A00251A0F /* MFMPlayerViewController.m in Sources */ = {isa = PBXBuildFile; fileRef = 254ECAB315A4BC1A00251A0F /* MFMPlayerViewController.m */; };
		254ECABB15A4BEFA00251A0F /* PPRevealSideViewController.m in Sources */ = {isa = PBXBuildFile; fileRef = 254ECABA15A4BEFA00251A0F /* PPRevealSideViewController.m */; };
		254ECAC615A4C0F800251A0F /* MFMStartingViewController.m in Sources */ = {isa = PBXBuildFile; fileRef = 254ECAC515A4C0F800251A0F /* MFMStartingViewController.m */; };
		2565D31315A5F4FB00A8BAA6 /* MFMResourceSub.m in Sources */ = {isa = PBXBuildFile; fileRef = 2565D31215A5F4FB00A8BAA6 /* MFMResourceSub.m */; };
		256B144215A6268000FD43D9 /* MFMResourceFavs.m in Sources */ = {isa = PBXBuildFile; fileRef = 256B144115A6267F00FD43D9 /* MFMResourceFavs.m */; };
		256B144615A6381500FD43D9 /* MFMFavsViewController.m in Sources */ = {isa = PBXBuildFile; fileRef = 256B144515A6381400FD43D9 /* MFMFavsViewController.m */; };
		257297CF15A53C87008EB903 /* MFMMenuViewController.m in Sources */ = {isa = PBXBuildFile; fileRef = 257297CE15A53C87008EB903 /* MFMMenuViewController.m */; };
		257297D415A53CEF008EB903 /* SVPullToRefresh.m in Sources */ = {isa = PBXBuildFile; fileRef = 257297D315A53CEF008EB903 /* SVPullToRefresh.m */; };
		257297D715A5459F008EB903 /* MFMResource.m in Sources */ = {isa = PBXBuildFile; fileRef = 257297D615A5459F008EB903 /* MFMResource.m */; };
		257C9EE915E7BB15004AF278 /* MFMWikiViewController.m in Sources */ = {isa = PBXBuildFile; fileRef = 257C9EE815E7BB15004AF278 /* MFMWikiViewController.m */; };
		257C9EEC15E7C5F1004AF278 /* MFMWikiCell.m in Sources */ = {isa = PBXBuildFile; fileRef = 257C9EEB15E7C5F1004AF278 /* MFMWikiCell.m */; };
		257C9EEF15E7D2BC004AF278 /* MFMResourceSubs.m in Sources */ = {isa = PBXBuildFile; fileRef = 257C9EEE15E7D2BC004AF278 /* MFMResourceSubs.m */; };
		257C9EF215E7DD43004AF278 /* MFMResourcesViewController.m in Sources */ = {isa = PBXBuildFile; fileRef = 257C9EF115E7DD42004AF278 /* MFMResourcesViewController.m */; };
		25A48C8B15A5D83400EBFB59 /* MFMResourceFav.m in Sources */ = {isa = PBXBuildFile; fileRef = 25A48C8A15A5D83400EBFB59 /* MFMResourceFav.m */; };
		25A48C8F15A5E4C600EBFB59 /* MFMResourceWiki.m in Sources */ = {isa = PBXBuildFile; fileRef = 25A48C8E15A5E4C600EBFB59 /* MFMResourceWiki.m */; };
		25A515BC15E3BE6300D1267A /* noise.png in Resources */ = {isa = PBXBuildFile; fileRef = 25A515BB15E3BE6300D1267A /* noise.png */; };
		25A515C215E3D51500D1267A /* BarLCD@2x.png in Resources */ = {isa = PBXBuildFile; fileRef = 25A515C115E3D51500D1267A /* BarLCD@2x.png */; };
		25A515CA15E3DA3300D1267A /* MFMReflectedImageView.m in Sources */ = {isa = PBXBuildFile; fileRef = 25A515C915E3DA3300D1267A /* MFMReflectedImageView.m */; };
		25A515D115E3E1AC00D1267A /* table-BG-pattern.png in Resources */ = {isa = PBXBuildFile; fileRef = 25A515CF15E3E1AC00D1267A /* table-BG-pattern.png */; };
		25A515D215E3E1AC00D1267A /* table-BG-pattern@2x.png in Resources */ = {isa = PBXBuildFile; fileRef = 25A515D015E3E1AC00D1267A /* table-BG-pattern@2x.png */; };
		25A515D415E4595600D1267A /* BarLCD.png in Resources */ = {isa = PBXBuildFile; fileRef = 25A515D315E4595600D1267A /* BarLCD.png */; };
		25A515DA15E46BF800D1267A /* MFMNetworkManager.m in Sources */ = {isa = PBXBuildFile; fileRef = 25A515D915E46BF800D1267A /* MFMNetworkManager.m */; };
		25A515E115E5C4A500D1267A /* MFMResourceCell.m in Sources */ = {isa = PBXBuildFile; fileRef = 25A515E015E5C4A400D1267A /* MFMResourceCell.m */; };
		25A515E415E5CA9A00D1267A /* list-item-bg.png in Resources */ = {isa = PBXBuildFile; fileRef = 25A515E215E5CA9900D1267A /* list-item-bg.png */; };
		25A515E515E5CA9A00D1267A /* list-item-bg@2x.png in Resources */ = {isa = PBXBuildFile; fileRef = 25A515E315E5CA9900D1267A /* list-item-bg@2x.png */; };
		25A515EC15E5CF1F00D1267A /* list-item-selected.png in Resources */ = {isa = PBXBuildFile; fileRef = 25A515EA15E5CF1E00D1267A /* list-item-selected.png */; };
		25A515ED15E5CF1F00D1267A /* list-item-selected@2x.png in Resources */ = {isa = PBXBuildFile; fileRef = 25A515EB15E5CF1E00D1267A /* list-item-selected@2x.png */; };
		25A515F015E5E65400D1267A /* MFMFavCell.m in Sources */ = {isa = PBXBuildFile; fileRef = 25A515EF15E5E65400D1267A /* MFMFavCell.m */; };
		25B35B291531DC7900D1EAEC /* MediaPlayer.framework in Frameworks */ = {isa = PBXBuildFile; fileRef = 25B35B281531DC7900D1EAEC /* MediaPlayer.framework */; };
		25B35B2B1531DC8300D1EAEC /* AudioToolbox.framework in Frameworks */ = {isa = PBXBuildFile; fileRef = 25B35B2A1531DC8300D1EAEC /* AudioToolbox.framework */; };
		25B35B2D1531DC9200D1EAEC /* CFNetwork.framework in Frameworks */ = {isa = PBXBuildFile; fileRef = 25B35B2C1531DC9200D1EAEC /* CFNetwork.framework */; };
		25B35B2F1531DCA300D1EAEC /* QuartzCore.framework in Frameworks */ = {isa = PBXBuildFile; fileRef = 25B35B2E1531DCA300D1EAEC /* QuartzCore.framework */; };
		25BA9FA615E36A66004B37BB /* MFMHttpImageView.m in Sources */ = {isa = PBXBuildFile; fileRef = 25BA9FA515E36A66004B37BB /* MFMHttpImageView.m */; };
		25BA9FA915E38E98004B37BB /* MFMPlaybackControlViewController.m in Sources */ = {isa = PBXBuildFile; fileRef = 25BA9FA815E38E97004B37BB /* MFMPlaybackControlViewController.m */; };
		25E3F5C015395B78003FABD2 /* Reachability.m in Sources */ = {isa = PBXBuildFile; fileRef = 25E3F5BF15395723003FABD2 /* Reachability.m */; settings = {COMPILER_FLAGS = "-fno-objc-arc"; }; };
		25E3F5CA15396020003FABD2 /* SystemConfiguration.framework in Frameworks */ = {isa = PBXBuildFile; fileRef = 25E3F5C915396020003FABD2 /* SystemConfiguration.framework */; };
		25E3F5D11539A474003FABD2 /* Localizable.strings in Resources */ = {isa = PBXBuildFile; fileRef = 25E3F5D31539A474003FABD2 /* Localizable.strings */; };
		25E3F5E21539B175003FABD2 /* dislike_no.png in Resources */ = {isa = PBXBuildFile; fileRef = 25E3F5DB1539B174003FABD2 /* dislike_no.png */; };
		25E3F5E31539B175003FABD2 /* dislike_yes.png in Resources */ = {isa = PBXBuildFile; fileRef = 25E3F5DC1539B174003FABD2 /* dislike_yes.png */; };
		25E3F5E41539B175003FABD2 /* fav_no.png in Resources */ = {isa = PBXBuildFile; fileRef = 25E3F5DD1539B174003FABD2 /* fav_no.png */; };
		25E3F5E51539B175003FABD2 /* fav_yes.png in Resources */ = {isa = PBXBuildFile; fileRef = 25E3F5DE1539B174003FABD2 /* fav_yes.png */; };
		25E3F5E61539B175003FABD2 /* next.png in Resources */ = {isa = PBXBuildFile; fileRef = 25E3F5DF1539B175003FABD2 /* next.png */; };
		25E3F5E71539B175003FABD2 /* pause.png in Resources */ = {isa = PBXBuildFile; fileRef = 25E3F5E01539B175003FABD2 /* pause.png */; };
		25E3F5E81539B175003FABD2 /* play.png in Resources */ = {isa = PBXBuildFile; fileRef = 25E3F5E11539B175003FABD2 /* play.png */; };
		25E3F5EA1539B4B0003FABD2 /* bg_sand.png in Resources */ = {isa = PBXBuildFile; fileRef = 25E3F5E91539B4AF003FABD2 /* bg_sand.png */; };
		25E3F5F21539B866003FABD2 /* dislike_no@2x.png in Resources */ = {isa = PBXBuildFile; fileRef = 25E3F5EB1539B866003FABD2 /* dislike_no@2x.png */; };
		25E3F5F31539B866003FABD2 /* dislike_yes@2x.png in Resources */ = {isa = PBXBuildFile; fileRef = 25E3F5EC1539B866003FABD2 /* dislike_yes@2x.png */; };
		25E3F5F41539B866003FABD2 /* fav_no@2x.png in Resources */ = {isa = PBXBuildFile; fileRef = 25E3F5ED1539B866003FABD2 /* fav_no@2x.png */; };
		25E3F5F51539B866003FABD2 /* fav_yes@2x.png in Resources */ = {isa = PBXBuildFile; fileRef = 25E3F5EE1539B866003FABD2 /* fav_yes@2x.png */; };
		25E3F5F61539B866003FABD2 /* next@2x.png in Resources */ = {isa = PBXBuildFile; fileRef = 25E3F5EF1539B866003FABD2 /* next@2x.png */; };
		25E3F5F71539B866003FABD2 /* pause@2x.png in Resources */ = {isa = PBXBuildFile; fileRef = 25E3F5F01539B866003FABD2 /* pause@2x.png */; };
		25E3F5F81539B866003FABD2 /* play@2x.png in Resources */ = {isa = PBXBuildFile; fileRef = 25E3F5F11539B866003FABD2 /* play@2x.png */; };
		25E3F5FC1539C87D003FABD2 /* default.png in Resources */ = {isa = PBXBuildFile; fileRef = 25E3F5FA1539C87C003FABD2 /* default.png */; };
		25E3F5FD1539C87D003FABD2 /* default@2x.png in Resources */ = {isa = PBXBuildFile; fileRef = 25E3F5FB1539C87C003FABD2 /* default@2x.png */; };
		25E3F6001539D3DB003FABD2 /* Icon.png in Resources */ = {isa = PBXBuildFile; fileRef = 25E3F5FE1539D3DA003FABD2 /* Icon.png */; };
		25E3F6011539D3DB003FABD2 /* Icon@2x.png in Resources */ = {isa = PBXBuildFile; fileRef = 25E3F5FF1539D3DA003FABD2 /* Icon@2x.png */; };
/* End PBXBuildFile section */

/* Begin PBXFileReference section */
		2508D1D315DBEECB0035126A /* AudioStreamer.h */ = {isa = PBXFileReference; fileEncoding = 4; lastKnownFileType = sourcecode.c.h; path = AudioStreamer.h; sourceTree = "<group>"; };
		2508D1D415DBEECB0035126A /* UIDevice+Hardware.h */ = {isa = PBXFileReference; fileEncoding = 4; lastKnownFileType = sourcecode.c.h; path = "UIDevice+Hardware.h"; sourceTree = "<group>"; };
		2508D1D515DBEECB0035126A /* AudioStreamer.m */ = {isa = PBXFileReference; fileEncoding = 4; lastKnownFileType = sourcecode.c.objc; path = AudioStreamer.m; sourceTree = "<group>"; };
		2508D1D615DBEECB0035126A /* UIDevice+Hardware.m */ = {isa = PBXFileReference; fileEncoding = 4; lastKnownFileType = sourcecode.c.objc; path = "UIDevice+Hardware.m"; sourceTree = "<group>"; };
		250E7F1F15A6628A001B2D10 /* MFMResourcePlaylist.h */ = {isa = PBXFileReference; fileEncoding = 4; lastKnownFileType = sourcecode.c.h; path = MFMResourcePlaylist.h; sourceTree = "<group>"; };
		250E7F2015A6628A001B2D10 /* MFMResourcePlaylist.m */ = {isa = PBXFileReference; fileEncoding = 4; lastKnownFileType = sourcecode.c.objc; path = MFMResourcePlaylist.m; sourceTree = "<group>"; };
		250E7F2315A662D4001B2D10 /* MFMResourceSong.h */ = {isa = PBXFileReference; fileEncoding = 4; lastKnownFileType = sourcecode.c.h; path = MFMResourceSong.h; sourceTree = "<group>"; };
		250E7F2415A662D4001B2D10 /* MFMResourceSong.m */ = {isa = PBXFileReference; fileEncoding = 4; lastKnownFileType = sourcecode.c.objc; path = MFMResourceSong.m; sourceTree = "<group>"; };
		250E7F2E15A68811001B2D10 /* MFMPlayerManager.h */ = {isa = PBXFileReference; fileEncoding = 4; lastKnownFileType = sourcecode.c.h; path = MFMPlayerManager.h; sourceTree = "<group>"; };
		250E7F2F15A68811001B2D10 /* MFMPlayerManager.m */ = {isa = PBXFileReference; fileEncoding = 4; lastKnownFileType = sourcecode.c.objc; path = MFMPlayerManager.m; sourceTree = "<group>"; };
		25124ABE15DD6A5200B011AD /* MFMResourceCollection.h */ = {isa = PBXFileReference; fileEncoding = 4; lastKnownFileType = sourcecode.c.h; path = MFMResourceCollection.h; sourceTree = "<group>"; };
		25124ABF15DD6A5200B011AD /* MFMResourceCollection.m */ = {isa = PBXFileReference; fileEncoding = 4; lastKnownFileType = sourcecode.c.objc; path = MFMResourceCollection.m; sourceTree = "<group>"; };
		25161F9F15DC46DE00B16227 /* MFMOAuth.h */ = {isa = PBXFileReference; fileEncoding = 4; lastKnownFileType = sourcecode.c.h; path = MFMOAuth.h; sourceTree = "<group>"; };
		25161FA015DC46DE00B16227 /* MFMOAuth.m */ = {isa = PBXFileReference; fileEncoding = 4; lastKnownFileType = sourcecode.c.objc; path = MFMOAuth.m; sourceTree = "<group>"; };
		2535788515309190008185BD /* Moe FM.app */ = {isa = PBXFileReference; explicitFileType = wrapper.application; includeInIndex = 0; path = "Moe FM.app"; sourceTree = BUILT_PRODUCTS_DIR; };
		2535788915309190008185BD /* UIKit.framework */ = {isa = PBXFileReference; lastKnownFileType = wrapper.framework; name = UIKit.framework; path = System/Library/Frameworks/UIKit.framework; sourceTree = SDKROOT; };
		2535788B15309190008185BD /* Foundation.framework */ = {isa = PBXFileReference; lastKnownFileType = wrapper.framework; name = Foundation.framework; path = System/Library/Frameworks/Foundation.framework; sourceTree = SDKROOT; };
		2535788D15309190008185BD /* CoreGraphics.framework */ = {isa = PBXFileReference; lastKnownFileType = wrapper.framework; name = CoreGraphics.framework; path = System/Library/Frameworks/CoreGraphics.framework; sourceTree = SDKROOT; };
		2535788F15309190008185BD /* CoreData.framework */ = {isa = PBXFileReference; lastKnownFileType = wrapper.framework; name = CoreData.framework; path = System/Library/Frameworks/CoreData.framework; sourceTree = SDKROOT; };
		2535789315309190008185BD /* Moe FM-Info.plist */ = {isa = PBXFileReference; lastKnownFileType = text.plist.xml; path = "Moe FM-Info.plist"; sourceTree = "<group>"; };
		2535789515309190008185BD /* en */ = {isa = PBXFileReference; lastKnownFileType = text.plist.strings; name = en; path = en.lproj/InfoPlist.strings; sourceTree = "<group>"; };
		2535789715309190008185BD /* main.m */ = {isa = PBXFileReference; lastKnownFileType = sourcecode.c.objc; path = main.m; sourceTree = "<group>"; };
		2535789915309190008185BD /* Moe FM-Prefix.pch */ = {isa = PBXFileReference; lastKnownFileType = sourcecode.c.h; path = "Moe FM-Prefix.pch"; sourceTree = "<group>"; };
		2535789A15309190008185BD /* MFMAppDelegate.h */ = {isa = PBXFileReference; lastKnownFileType = sourcecode.c.h; path = MFMAppDelegate.h; sourceTree = "<group>"; };
		2535789B15309191008185BD /* MFMAppDelegate.m */ = {isa = PBXFileReference; lastKnownFileType = sourcecode.c.objc; path = MFMAppDelegate.m; sourceTree = "<group>"; };
		2535789E15309191008185BD /* Moe_FM.xcdatamodel */ = {isa = PBXFileReference; lastKnownFileType = wrapper.xcdatamodel; path = Moe_FM.xcdatamodel; sourceTree = "<group>"; };
		253578AE1530A0C0008185BD /* buttons.png */ = {isa = PBXFileReference; lastKnownFileType = image.png; path = buttons.png; sourceTree = "<group>"; };
		253578AF1530A0C0008185BD /* cover_large.png */ = {isa = PBXFileReference; lastKnownFileType = image.png; path = cover_large.png; sourceTree = "<group>"; };
		253578B01530A0C0008185BD /* cover_medium.png */ = {isa = PBXFileReference; lastKnownFileType = image.png; path = cover_medium.png; sourceTree = "<group>"; };
		253578B11530A0C0008185BD /* cover_small.png */ = {isa = PBXFileReference; lastKnownFileType = image.png; path = cover_small.png; sourceTree = "<group>"; };
		253578BC1530A173008185BD /* zh-Hans */ = {isa = PBXFileReference; lastKnownFileType = text.plist.strings; name = "zh-Hans"; path = "/Users/gregwang/Dropbox/Projects/iOS/Moe FM/Moe FM/zh-Hans.lproj/InfoPlist.strings"; sourceTree = "<absolute>"; };
		253578C11530A37B008185BD /* en */ = {isa = PBXFileReference; lastKnownFileType = file.storyboard; name = en; path = en.lproj/Storyboard.storyboard; sourceTree = "<group>"; };
		2539E7B015A4DFDC00E5668A /* MFMDataFetcher.h */ = {isa = PBXFileReference; fileEncoding = 4; lastKnownFileType = sourcecode.c.h; path = MFMDataFetcher.h; sourceTree = "<group>"; };
		2539E7B115A4DFDC00E5668A /* MFMDataFetcher.m */ = {isa = PBXFileReference; fileEncoding = 4; lastKnownFileType = sourcecode.c.objc; path = MFMDataFetcher.m; sourceTree = "<group>"; };
		2539E7B915A4E07C00E5668A /* SenTestingKit.framework */ = {isa = PBXFileReference; lastKnownFileType = wrapper.framework; name = SenTestingKit.framework; path = Library/Frameworks/SenTestingKit.framework; sourceTree = DEVELOPER_DIR; };
		254ECA7D15A2333B00251A0F /* GTMOAuthViewControllerTouch.h */ = {isa = PBXFileReference; lastKnownFileType = sourcecode.c.h; path = GTMOAuthViewControllerTouch.h; sourceTree = "<group>"; };
		254ECA7E15A2333B00251A0F /* GTMOAuthViewControllerTouch.m */ = {isa = PBXFileReference; lastKnownFileType = sourcecode.c.objc; path = GTMOAuthViewControllerTouch.m; sourceTree = "<group>"; };
		254ECA8015A233CE00251A0F /* GTMHTTPFetcher.h */ = {isa = PBXFileReference; fileEncoding = 4; lastKnownFileType = sourcecode.c.h; path = GTMHTTPFetcher.h; sourceTree = "<group>"; };
		254ECA8115A233CE00251A0F /* GTMHTTPFetcher.m */ = {isa = PBXFileReference; fileEncoding = 4; lastKnownFileType = sourcecode.c.objc; path = GTMHTTPFetcher.m; sourceTree = "<group>"; };
		254ECA8315A233DC00251A0F /* GTMOAuthAuthentication.h */ = {isa = PBXFileReference; fileEncoding = 4; lastKnownFileType = sourcecode.c.h; path = GTMOAuthAuthentication.h; sourceTree = "<group>"; };
		254ECA8415A233DC00251A0F /* GTMOAuthAuthentication.m */ = {isa = PBXFileReference; fileEncoding = 4; lastKnownFileType = sourcecode.c.objc; path = GTMOAuthAuthentication.m; sourceTree = "<group>"; };
		254ECA8515A233DC00251A0F /* GTMOAuthSignIn.h */ = {isa = PBXFileReference; fileEncoding = 4; lastKnownFileType = sourcecode.c.h; path = GTMOAuthSignIn.h; sourceTree = "<group>"; };
		254ECA8615A233DC00251A0F /* GTMOAuthSignIn.m */ = {isa = PBXFileReference; fileEncoding = 4; lastKnownFileType = sourcecode.c.objc; path = GTMOAuthSignIn.m; sourceTree = "<group>"; };
		254ECA8915A2343A00251A0F /* Security.framework */ = {isa = PBXFileReference; lastKnownFileType = wrapper.framework; name = Security.framework; path = System/Library/Frameworks/Security.framework; sourceTree = SDKROOT; };
		254ECA9315A236B700251A0F /* GTMOAuthViewTouch.xib */ = {isa = PBXFileReference; fileEncoding = 4; lastKnownFileType = file.xib; path = GTMOAuthViewTouch.xib; sourceTree = "<group>"; };
		254ECAB215A4BC1A00251A0F /* MFMPlayerViewController.h */ = {isa = PBXFileReference; fileEncoding = 4; lastKnownFileType = sourcecode.c.h; path = MFMPlayerViewController.h; sourceTree = "<group>"; };
		254ECAB315A4BC1A00251A0F /* MFMPlayerViewController.m */ = {isa = PBXFileReference; fileEncoding = 4; lastKnownFileType = sourcecode.c.objc; path = MFMPlayerViewController.m; sourceTree = "<group>"; };
		254ECAB915A4BEFA00251A0F /* PPRevealSideViewController.h */ = {isa = PBXFileReference; fileEncoding = 4; lastKnownFileType = sourcecode.c.h; path = PPRevealSideViewController.h; sourceTree = "<group>"; };
		254ECABA15A4BEFA00251A0F /* PPRevealSideViewController.m */ = {isa = PBXFileReference; fileEncoding = 4; lastKnownFileType = sourcecode.c.objc; path = PPRevealSideViewController.m; sourceTree = "<group>"; };
		254ECAC415A4C0F800251A0F /* MFMStartingViewController.h */ = {isa = PBXFileReference; fileEncoding = 4; lastKnownFileType = sourcecode.c.h; path = MFMStartingViewController.h; sourceTree = "<group>"; };
		254ECAC515A4C0F800251A0F /* MFMStartingViewController.m */ = {isa = PBXFileReference; fileEncoding = 4; lastKnownFileType = sourcecode.c.objc; path = MFMStartingViewController.m; sourceTree = "<group>"; };
		2565D31115A5F4FB00A8BAA6 /* MFMResourceSub.h */ = {isa = PBXFileReference; fileEncoding = 4; lastKnownFileType = sourcecode.c.h; path = MFMResourceSub.h; sourceTree = "<group>"; };
		2565D31215A5F4FB00A8BAA6 /* MFMResourceSub.m */ = {isa = PBXFileReference; fileEncoding = 4; lastKnownFileType = sourcecode.c.objc; path = MFMResourceSub.m; sourceTree = "<group>"; };
		256B144015A6267F00FD43D9 /* MFMResourceFavs.h */ = {isa = PBXFileReference; fileEncoding = 4; lastKnownFileType = sourcecode.c.h; path = MFMResourceFavs.h; sourceTree = "<group>"; };
		256B144115A6267F00FD43D9 /* MFMResourceFavs.m */ = {isa = PBXFileReference; fileEncoding = 4; lastKnownFileType = sourcecode.c.objc; path = MFMResourceFavs.m; sourceTree = "<group>"; };
		256B144415A6381400FD43D9 /* MFMFavsViewController.h */ = {isa = PBXFileReference; fileEncoding = 4; lastKnownFileType = sourcecode.c.h; path = MFMFavsViewController.h; sourceTree = "<group>"; };
		256B144515A6381400FD43D9 /* MFMFavsViewController.m */ = {isa = PBXFileReference; fileEncoding = 4; lastKnownFileType = sourcecode.c.objc; path = MFMFavsViewController.m; sourceTree = "<group>"; };
		257297CD15A53C87008EB903 /* MFMMenuViewController.h */ = {isa = PBXFileReference; fileEncoding = 4; lastKnownFileType = sourcecode.c.h; path = MFMMenuViewController.h; sourceTree = "<group>"; };
		257297CE15A53C87008EB903 /* MFMMenuViewController.m */ = {isa = PBXFileReference; fileEncoding = 4; lastKnownFileType = sourcecode.c.objc; path = MFMMenuViewController.m; sourceTree = "<group>"; };
		257297D215A53CEF008EB903 /* SVPullToRefresh.h */ = {isa = PBXFileReference; fileEncoding = 4; lastKnownFileType = sourcecode.c.h; path = SVPullToRefresh.h; sourceTree = "<group>"; };
		257297D315A53CEF008EB903 /* SVPullToRefresh.m */ = {isa = PBXFileReference; fileEncoding = 4; lastKnownFileType = sourcecode.c.objc; path = SVPullToRefresh.m; sourceTree = "<group>"; };
		257297D515A5459F008EB903 /* MFMResource.h */ = {isa = PBXFileReference; fileEncoding = 4; lastKnownFileType = sourcecode.c.h; path = MFMResource.h; sourceTree = "<group>"; };
		257297D615A5459F008EB903 /* MFMResource.m */ = {isa = PBXFileReference; fileEncoding = 4; lastKnownFileType = sourcecode.c.objc; path = MFMResource.m; sourceTree = "<group>"; };
		257C9EE715E7BB15004AF278 /* MFMWikiViewController.h */ = {isa = PBXFileReference; fileEncoding = 4; lastKnownFileType = sourcecode.c.h; path = MFMWikiViewController.h; sourceTree = "<group>"; };
		257C9EE815E7BB15004AF278 /* MFMWikiViewController.m */ = {isa = PBXFileReference; fileEncoding = 4; lastKnownFileType = sourcecode.c.objc; path = MFMWikiViewController.m; sourceTree = "<group>"; };
		257C9EEA15E7C5F1004AF278 /* MFMWikiCell.h */ = {isa = PBXFileReference; fileEncoding = 4; lastKnownFileType = sourcecode.c.h; path = MFMWikiCell.h; sourceTree = "<group>"; };
		257C9EEB15E7C5F1004AF278 /* MFMWikiCell.m */ = {isa = PBXFileReference; fileEncoding = 4; lastKnownFileType = sourcecode.c.objc; path = MFMWikiCell.m; sourceTree = "<group>"; };
		257C9EED15E7D2BC004AF278 /* MFMResourceSubs.h */ = {isa = PBXFileReference; fileEncoding = 4; lastKnownFileType = sourcecode.c.h; path = MFMResourceSubs.h; sourceTree = "<group>"; };
		257C9EEE15E7D2BC004AF278 /* MFMResourceSubs.m */ = {isa = PBXFileReference; fileEncoding = 4; lastKnownFileType = sourcecode.c.objc; path = MFMResourceSubs.m; sourceTree = "<group>"; };
		257C9EF015E7DD42004AF278 /* MFMResourcesViewController.h */ = {isa = PBXFileReference; fileEncoding = 4; lastKnownFileType = sourcecode.c.h; path = MFMResourcesViewController.h; sourceTree = "<group>"; };
		257C9EF115E7DD42004AF278 /* MFMResourcesViewController.m */ = {isa = PBXFileReference; fileEncoding = 4; lastKnownFileType = sourcecode.c.objc; path = MFMResourcesViewController.m; sourceTree = "<group>"; };
		25A48C8915A5D83400EBFB59 /* MFMResourceFav.h */ = {isa = PBXFileReference; fileEncoding = 4; lastKnownFileType = sourcecode.c.h; path = MFMResourceFav.h; sourceTree = "<group>"; };
		25A48C8A15A5D83400EBFB59 /* MFMResourceFav.m */ = {isa = PBXFileReference; fileEncoding = 4; lastKnownFileType = sourcecode.c.objc; path = MFMResourceFav.m; sourceTree = "<group>"; };
		25A48C8D15A5E4C600EBFB59 /* MFMResourceWiki.h */ = {isa = PBXFileReference; fileEncoding = 4; lastKnownFileType = sourcecode.c.h; path = MFMResourceWiki.h; sourceTree = "<group>"; };
		25A48C8E15A5E4C600EBFB59 /* MFMResourceWiki.m */ = {isa = PBXFileReference; fileEncoding = 4; lastKnownFileType = sourcecode.c.objc; path = MFMResourceWiki.m; sourceTree = "<group>"; };
		25A515BB15E3BE6300D1267A /* noise.png */ = {isa = PBXFileReference; lastKnownFileType = image.png; path = noise.png; sourceTree = "<group>"; };
		25A515C115E3D51500D1267A /* BarLCD@2x.png */ = {isa = PBXFileReference; lastKnownFileType = image.png; path = "BarLCD@2x.png"; sourceTree = "<group>"; };
		25A515C815E3DA3300D1267A /* MFMReflectedImageView.h */ = {isa = PBXFileReference; fileEncoding = 4; lastKnownFileType = sourcecode.c.h; path = MFMReflectedImageView.h; sourceTree = "<group>"; };
		25A515C915E3DA3300D1267A /* MFMReflectedImageView.m */ = {isa = PBXFileReference; fileEncoding = 4; lastKnownFileType = sourcecode.c.objc; path = MFMReflectedImageView.m; sourceTree = "<group>"; };
		25A515CF15E3E1AC00D1267A /* table-BG-pattern.png */ = {isa = PBXFileReference; lastKnownFileType = image.png; path = "table-BG-pattern.png"; sourceTree = "<group>"; };
		25A515D015E3E1AC00D1267A /* table-BG-pattern@2x.png */ = {isa = PBXFileReference; lastKnownFileType = image.png; path = "table-BG-pattern@2x.png"; sourceTree = "<group>"; };
		25A515D315E4595600D1267A /* BarLCD.png */ = {isa = PBXFileReference; lastKnownFileType = image.png; path = BarLCD.png; sourceTree = "<group>"; };
		25A515D815E46BF800D1267A /* MFMNetworkManager.h */ = {isa = PBXFileReference; fileEncoding = 4; lastKnownFileType = sourcecode.c.h; path = MFMNetworkManager.h; sourceTree = "<group>"; };
		25A515D915E46BF800D1267A /* MFMNetworkManager.m */ = {isa = PBXFileReference; fileEncoding = 4; lastKnownFileType = sourcecode.c.objc; path = MFMNetworkManager.m; sourceTree = "<group>"; };
		25A515DF15E5C4A400D1267A /* MFMResourceCell.h */ = {isa = PBXFileReference; fileEncoding = 4; lastKnownFileType = sourcecode.c.h; path = MFMResourceCell.h; sourceTree = "<group>"; };
		25A515E015E5C4A400D1267A /* MFMResourceCell.m */ = {isa = PBXFileReference; fileEncoding = 4; lastKnownFileType = sourcecode.c.objc; path = MFMResourceCell.m; sourceTree = "<group>"; };
		25A515E215E5CA9900D1267A /* list-item-bg.png */ = {isa = PBXFileReference; lastKnownFileType = image.png; path = "list-item-bg.png"; sourceTree = "<group>"; };
		25A515E315E5CA9900D1267A /* list-item-bg@2x.png */ = {isa = PBXFileReference; lastKnownFileType = image.png; path = "list-item-bg@2x.png"; sourceTree = "<group>"; };
		25A515EA15E5CF1E00D1267A /* list-item-selected.png */ = {isa = PBXFileReference; lastKnownFileType = image.png; path = "list-item-selected.png"; sourceTree = "<group>"; };
		25A515EB15E5CF1E00D1267A /* list-item-selected@2x.png */ = {isa = PBXFileReference; lastKnownFileType = image.png; path = "list-item-selected@2x.png"; sourceTree = "<group>"; };
		25A515EE15E5E65300D1267A /* MFMFavCell.h */ = {isa = PBXFileReference; fileEncoding = 4; lastKnownFileType = sourcecode.c.h; path = MFMFavCell.h; sourceTree = "<group>"; };
		25A515EF15E5E65400D1267A /* MFMFavCell.m */ = {isa = PBXFileReference; fileEncoding = 4; lastKnownFileType = sourcecode.c.objc; path = MFMFavCell.m; sourceTree = "<group>"; };
		25B35B281531DC7900D1EAEC /* MediaPlayer.framework */ = {isa = PBXFileReference; lastKnownFileType = wrapper.framework; name = MediaPlayer.framework; path = System/Library/Frameworks/MediaPlayer.framework; sourceTree = SDKROOT; };
		25B35B2A1531DC8300D1EAEC /* AudioToolbox.framework */ = {isa = PBXFileReference; lastKnownFileType = wrapper.framework; name = AudioToolbox.framework; path = System/Library/Frameworks/AudioToolbox.framework; sourceTree = SDKROOT; };
		25B35B2C1531DC9200D1EAEC /* CFNetwork.framework */ = {isa = PBXFileReference; lastKnownFileType = wrapper.framework; name = CFNetwork.framework; path = System/Library/Frameworks/CFNetwork.framework; sourceTree = SDKROOT; };
		25B35B2E1531DCA300D1EAEC /* QuartzCore.framework */ = {isa = PBXFileReference; lastKnownFileType = wrapper.framework; name = QuartzCore.framework; path = System/Library/Frameworks/QuartzCore.framework; sourceTree = SDKROOT; };
		25BA9FA415E36A66004B37BB /* MFMHttpImageView.h */ = {isa = PBXFileReference; fileEncoding = 4; lastKnownFileType = sourcecode.c.h; path = MFMHttpImageView.h; sourceTree = "<group>"; };
		25BA9FA515E36A66004B37BB /* MFMHttpImageView.m */ = {isa = PBXFileReference; fileEncoding = 4; lastKnownFileType = sourcecode.c.objc; path = MFMHttpImageView.m; sourceTree = "<group>"; };
		25BA9FA715E38E96004B37BB /* MFMPlaybackControlViewController.h */ = {isa = PBXFileReference; fileEncoding = 4; lastKnownFileType = sourcecode.c.h; path = MFMPlaybackControlViewController.h; sourceTree = "<group>"; };
		25BA9FA815E38E97004B37BB /* MFMPlaybackControlViewController.m */ = {isa = PBXFileReference; fileEncoding = 4; lastKnownFileType = sourcecode.c.objc; path = MFMPlaybackControlViewController.m; sourceTree = "<group>"; };
		25E3F5BE15395723003FABD2 /* Reachability.h */ = {isa = PBXFileReference; lastKnownFileType = sourcecode.c.h; path = Reachability.h; sourceTree = "<group>"; };
		25E3F5BF15395723003FABD2 /* Reachability.m */ = {isa = PBXFileReference; lastKnownFileType = sourcecode.c.objc; path = Reachability.m; sourceTree = "<group>"; };
		25E3F5C915396020003FABD2 /* SystemConfiguration.framework */ = {isa = PBXFileReference; lastKnownFileType = wrapper.framework; name = SystemConfiguration.framework; path = System/Library/Frameworks/SystemConfiguration.framework; sourceTree = SDKROOT; };
		25E3F5D21539A474003FABD2 /* en */ = {isa = PBXFileReference; lastKnownFileType = text.plist.strings; name = en; path = en.lproj/Localizable.strings; sourceTree = "<group>"; };
		25E3F5DB1539B174003FABD2 /* dislike_no.png */ = {isa = PBXFileReference; lastKnownFileType = image.png; path = dislike_no.png; sourceTree = "<group>"; };
		25E3F5DC1539B174003FABD2 /* dislike_yes.png */ = {isa = PBXFileReference; lastKnownFileType = image.png; path = dislike_yes.png; sourceTree = "<group>"; };
		25E3F5DD1539B174003FABD2 /* fav_no.png */ = {isa = PBXFileReference; lastKnownFileType = image.png; path = fav_no.png; sourceTree = "<group>"; };
		25E3F5DE1539B174003FABD2 /* fav_yes.png */ = {isa = PBXFileReference; lastKnownFileType = image.png; path = fav_yes.png; sourceTree = "<group>"; };
		25E3F5DF1539B175003FABD2 /* next.png */ = {isa = PBXFileReference; lastKnownFileType = image.png; path = next.png; sourceTree = "<group>"; };
		25E3F5E01539B175003FABD2 /* pause.png */ = {isa = PBXFileReference; lastKnownFileType = image.png; path = pause.png; sourceTree = "<group>"; };
		25E3F5E11539B175003FABD2 /* play.png */ = {isa = PBXFileReference; lastKnownFileType = image.png; path = play.png; sourceTree = "<group>"; };
		25E3F5E91539B4AF003FABD2 /* bg_sand.png */ = {isa = PBXFileReference; lastKnownFileType = image.png; path = bg_sand.png; sourceTree = "<group>"; };
		25E3F5EB1539B866003FABD2 /* dislike_no@2x.png */ = {isa = PBXFileReference; lastKnownFileType = image.png; path = "dislike_no@2x.png"; sourceTree = "<group>"; };
		25E3F5EC1539B866003FABD2 /* dislike_yes@2x.png */ = {isa = PBXFileReference; lastKnownFileType = image.png; path = "dislike_yes@2x.png"; sourceTree = "<group>"; };
		25E3F5ED1539B866003FABD2 /* fav_no@2x.png */ = {isa = PBXFileReference; lastKnownFileType = image.png; path = "fav_no@2x.png"; sourceTree = "<group>"; };
		25E3F5EE1539B866003FABD2 /* fav_yes@2x.png */ = {isa = PBXFileReference; lastKnownFileType = image.png; path = "fav_yes@2x.png"; sourceTree = "<group>"; };
		25E3F5EF1539B866003FABD2 /* next@2x.png */ = {isa = PBXFileReference; lastKnownFileType = image.png; path = "next@2x.png"; sourceTree = "<group>"; };
		25E3F5F01539B866003FABD2 /* pause@2x.png */ = {isa = PBXFileReference; lastKnownFileType = image.png; path = "pause@2x.png"; sourceTree = "<group>"; };
		25E3F5F11539B866003FABD2 /* play@2x.png */ = {isa = PBXFileReference; lastKnownFileType = image.png; path = "play@2x.png"; sourceTree = "<group>"; };
		25E3F5F91539C2E8003FABD2 /* zh-Hans */ = {isa = PBXFileReference; lastKnownFileType = text.plist.strings; name = "zh-Hans"; path = "zh-Hans.lproj/Localizable.strings"; sourceTree = "<group>"; };
		25E3F5FA1539C87C003FABD2 /* default.png */ = {isa = PBXFileReference; lastKnownFileType = image.png; path = default.png; sourceTree = "<group>"; };
		25E3F5FB1539C87C003FABD2 /* default@2x.png */ = {isa = PBXFileReference; lastKnownFileType = image.png; path = "default@2x.png"; sourceTree = "<group>"; };
		25E3F5FE1539D3DA003FABD2 /* Icon.png */ = {isa = PBXFileReference; lastKnownFileType = image.png; path = Icon.png; sourceTree = "<group>"; };
		25E3F5FF1539D3DA003FABD2 /* Icon@2x.png */ = {isa = PBXFileReference; lastKnownFileType = image.png; path = "Icon@2x.png"; sourceTree = "<group>"; };
/* End PBXFileReference section */

/* Begin PBXFrameworksBuildPhase section */
		253578821530918F008185BD /* Frameworks */ = {
			isa = PBXFrameworksBuildPhase;
			buildActionMask = 2147483647;
			files = (
				254ECA8A15A2343A00251A0F /* Security.framework in Frameworks */,
				25E3F5CA15396020003FABD2 /* SystemConfiguration.framework in Frameworks */,
				25B35B2F1531DCA300D1EAEC /* QuartzCore.framework in Frameworks */,
				25B35B2D1531DC9200D1EAEC /* CFNetwork.framework in Frameworks */,
				25B35B2B1531DC8300D1EAEC /* AudioToolbox.framework in Frameworks */,
				25B35B291531DC7900D1EAEC /* MediaPlayer.framework in Frameworks */,
				2535788A15309190008185BD /* UIKit.framework in Frameworks */,
				2535788C15309190008185BD /* Foundation.framework in Frameworks */,
				2535788E15309190008185BD /* CoreGraphics.framework in Frameworks */,
				2535789015309190008185BD /* CoreData.framework in Frameworks */,
			);
			runOnlyForDeploymentPostprocessing = 0;
		};
/* End PBXFrameworksBuildPhase section */

/* Begin PBXGroup section */
		25124AC215DD73F700B011AD /* ResourceEntry */ = {
			isa = PBXGroup;
			children = (
				25A48C8915A5D83400EBFB59 /* MFMResourceFav.h */,
				25A48C8A15A5D83400EBFB59 /* MFMResourceFav.m */,
				25A48C8D15A5E4C600EBFB59 /* MFMResourceWiki.h */,
				25A48C8E15A5E4C600EBFB59 /* MFMResourceWiki.m */,
				2565D31115A5F4FB00A8BAA6 /* MFMResourceSub.h */,
				2565D31215A5F4FB00A8BAA6 /* MFMResourceSub.m */,
				250E7F2315A662D4001B2D10 /* MFMResourceSong.h */,
				250E7F2415A662D4001B2D10 /* MFMResourceSong.m */,
			);
			name = ResourceEntry;
			sourceTree = "<group>";
		};
		2513DEDB1535FCA200CB0B0A /* Models */ = {
			isa = PBXGroup;
			children = (
				25161F9F15DC46DE00B16227 /* MFMOAuth.h */,
				25161FA015DC46DE00B16227 /* MFMOAuth.m */,
				2539E7B015A4DFDC00E5668A /* MFMDataFetcher.h */,
				2539E7B115A4DFDC00E5668A /* MFMDataFetcher.m */,
				250E7F2E15A68811001B2D10 /* MFMPlayerManager.h */,
				250E7F2F15A68811001B2D10 /* MFMPlayerManager.m */,
				25A515D815E46BF800D1267A /* MFMNetworkManager.h */,
				25A515D915E46BF800D1267A /* MFMNetworkManager.m */,
				25E3F5BE15395723003FABD2 /* Reachability.h */,
				25E3F5BF15395723003FABD2 /* Reachability.m */,
			);
			path = Models;
			sourceTree = "<group>";
		};
		2535787A1530918E008185BD = {
			isa = PBXGroup;
			children = (
				2535789115309190008185BD /* Moe FM */,
				2535788815309190008185BD /* Frameworks */,
				2535788615309190008185BD /* Products */,
			);
			sourceTree = "<group>";
		};
		2535788615309190008185BD /* Products */ = {
			isa = PBXGroup;
			children = (
				2535788515309190008185BD /* Moe FM.app */,
			);
			name = Products;
			sourceTree = "<group>";
		};
		2535788815309190008185BD /* Frameworks */ = {
			isa = PBXGroup;
			children = (
				254ECA8915A2343A00251A0F /* Security.framework */,
				25E3F5C915396020003FABD2 /* SystemConfiguration.framework */,
				25B35B2E1531DCA300D1EAEC /* QuartzCore.framework */,
				25B35B2C1531DC9200D1EAEC /* CFNetwork.framework */,
				25B35B2A1531DC8300D1EAEC /* AudioToolbox.framework */,
				25B35B281531DC7900D1EAEC /* MediaPlayer.framework */,
				2535788915309190008185BD /* UIKit.framework */,
				2535788B15309190008185BD /* Foundation.framework */,
				2535788D15309190008185BD /* CoreGraphics.framework */,
				2535788F15309190008185BD /* CoreData.framework */,
				2539E7B915A4E07C00E5668A /* SenTestingKit.framework */,
			);
			name = Frameworks;
			sourceTree = "<group>";
		};
		2535789115309190008185BD /* Moe FM */ = {
			isa = PBXGroup;
			children = (
				2535789A15309190008185BD /* MFMAppDelegate.h */,
				2535789B15309191008185BD /* MFMAppDelegate.m */,
				2535789D15309191008185BD /* Moe_FM.xcdatamodeld */,
				254ECAB115A4BB9500251A0F /* ViewControllers */,
				255E7ADE15A535D0007C0E5A /* MoefouAPI */,
				2513DEDB1535FCA200CB0B0A /* Models */,
				254ECA7B15A2331500251A0F /* GTMOAuth */,
				257297D115A53CEF008EB903 /* SVPullToRefresh */,
				254ECAB815A4BEF900251A0F /* PPRevealSideViewController */,
				25B35B1C1531B30200D1EAEC /* AudioStreamer */,
				253578AD1530A0C0008185BD /* Resources */,
				2535789215309190008185BD /* Supporting Files */,
			);
			path = "Moe FM";
			sourceTree = "<group>";
		};
		2535789215309190008185BD /* Supporting Files */ = {
			isa = PBXGroup;
			children = (
				253578C21530A37B008185BD /* Storyboard.storyboard */,
				25E3F5D31539A474003FABD2 /* Localizable.strings */,
				2535789315309190008185BD /* Moe FM-Info.plist */,
				2535789415309190008185BD /* InfoPlist.strings */,
				2535789715309190008185BD /* main.m */,
				2535789915309190008185BD /* Moe FM-Prefix.pch */,
			);
			name = "Supporting Files";
			sourceTree = "<group>";
		};
		253578AD1530A0C0008185BD /* Resources */ = {
			isa = PBXGroup;
			children = (
				25A515CF15E3E1AC00D1267A /* table-BG-pattern.png */,
				25A515D015E3E1AC00D1267A /* table-BG-pattern@2x.png */,
				25A515E215E5CA9900D1267A /* list-item-bg.png */,
				25A515E315E5CA9900D1267A /* list-item-bg@2x.png */,
				25A515EA15E5CF1E00D1267A /* list-item-selected.png */,
				25A515EB15E5CF1E00D1267A /* list-item-selected@2x.png */,
				25A515D315E4595600D1267A /* BarLCD.png */,
				25A515C115E3D51500D1267A /* BarLCD@2x.png */,
				25A515BB15E3BE6300D1267A /* noise.png */,
				25E3F5FE1539D3DA003FABD2 /* Icon.png */,
				25E3F5FF1539D3DA003FABD2 /* Icon@2x.png */,
				25E3F5FA1539C87C003FABD2 /* default.png */,
				25E3F5FB1539C87C003FABD2 /* default@2x.png */,
				25E3F5E91539B4AF003FABD2 /* bg_sand.png */,
				25E3F5DB1539B174003FABD2 /* dislike_no.png */,
				25E3F5EB1539B866003FABD2 /* dislike_no@2x.png */,
				25E3F5DC1539B174003FABD2 /* dislike_yes.png */,
				25E3F5EC1539B866003FABD2 /* dislike_yes@2x.png */,
				25E3F5DD1539B174003FABD2 /* fav_no.png */,
				25E3F5ED1539B866003FABD2 /* fav_no@2x.png */,
				25E3F5DE1539B174003FABD2 /* fav_yes.png */,
				25E3F5EE1539B866003FABD2 /* fav_yes@2x.png */,
				25E3F5DF1539B175003FABD2 /* next.png */,
				25E3F5EF1539B866003FABD2 /* next@2x.png */,
				25E3F5E01539B175003FABD2 /* pause.png */,
				25E3F5F01539B866003FABD2 /* pause@2x.png */,
				25E3F5E11539B175003FABD2 /* play.png */,
				25E3F5F11539B866003FABD2 /* play@2x.png */,
				253578AE1530A0C0008185BD /* buttons.png */,
				253578AF1530A0C0008185BD /* cover_large.png */,
				253578B01530A0C0008185BD /* cover_medium.png */,
				253578B11530A0C0008185BD /* cover_small.png */,
			);
			path = Resources;
			sourceTree = "<group>";
		};
		254ECA7B15A2331500251A0F /* GTMOAuth */ = {
			isa = PBXGroup;
			children = (
				254ECA8015A233CE00251A0F /* GTMHTTPFetcher.h */,
				254ECA8115A233CE00251A0F /* GTMHTTPFetcher.m */,
				254ECA8315A233DC00251A0F /* GTMOAuthAuthentication.h */,
				254ECA8415A233DC00251A0F /* GTMOAuthAuthentication.m */,
				254ECA8515A233DC00251A0F /* GTMOAuthSignIn.h */,
				254ECA8615A233DC00251A0F /* GTMOAuthSignIn.m */,
				254ECA7D15A2333B00251A0F /* GTMOAuthViewControllerTouch.h */,
				254ECA7E15A2333B00251A0F /* GTMOAuthViewControllerTouch.m */,
				254ECA9315A236B700251A0F /* GTMOAuthViewTouch.xib */,
			);
			path = GTMOAuth;
			sourceTree = "<group>";
		};
		254ECAB115A4BB9500251A0F /* ViewControllers */ = {
			isa = PBXGroup;
			children = (
				25BA9FA315E369C8004B37BB /* UIComponents */,
				254ECAC415A4C0F800251A0F /* MFMStartingViewController.h */,
				254ECAC515A4C0F800251A0F /* MFMStartingViewController.m */,
				254ECAB215A4BC1A00251A0F /* MFMPlayerViewController.h */,
				254ECAB315A4BC1A00251A0F /* MFMPlayerViewController.m */,
				25BA9FA715E38E96004B37BB /* MFMPlaybackControlViewController.h */,
				25BA9FA815E38E97004B37BB /* MFMPlaybackControlViewController.m */,
				257297CD15A53C87008EB903 /* MFMMenuViewController.h */,
				257297CE15A53C87008EB903 /* MFMMenuViewController.m */,
				257C9EF015E7DD42004AF278 /* MFMResourcesViewController.h */,
				257C9EF115E7DD42004AF278 /* MFMResourcesViewController.m */,
				256B144415A6381400FD43D9 /* MFMFavsViewController.h */,
				256B144515A6381400FD43D9 /* MFMFavsViewController.m */,
				257C9EE715E7BB15004AF278 /* MFMWikiViewController.h */,
				257C9EE815E7BB15004AF278 /* MFMWikiViewController.m */,
			);
			path = ViewControllers;
			sourceTree = "<group>";
		};
		254ECAB815A4BEF900251A0F /* PPRevealSideViewController */ = {
			isa = PBXGroup;
			children = (
				254ECAB915A4BEFA00251A0F /* PPRevealSideViewController.h */,
				254ECABA15A4BEFA00251A0F /* PPRevealSideViewController.m */,
			);
			path = PPRevealSideViewController;
			sourceTree = "<group>";
		};
		255E7ADE15A535D0007C0E5A /* MoefouAPI */ = {
			isa = PBXGroup;
			children = (
				257297D515A5459F008EB903 /* MFMResource.h */,
				257297D615A5459F008EB903 /* MFMResource.m */,
				25124AC215DD73F700B011AD /* ResourceEntry */,
				25124ABE15DD6A5200B011AD /* MFMResourceCollection.h */,
				25124ABF15DD6A5200B011AD /* MFMResourceCollection.m */,
				25BA9FA215E3698A004B37BB /* ResourceCollection */,
			);
			path = MoefouAPI;
			sourceTree = "<group>";
		};
		257297D115A53CEF008EB903 /* SVPullToRefresh */ = {
			isa = PBXGroup;
			children = (
				257297D215A53CEF008EB903 /* SVPullToRefresh.h */,
				257297D315A53CEF008EB903 /* SVPullToRefresh.m */,
			);
			path = SVPullToRefresh;
			sourceTree = "<group>";
		};
		25B35B1C1531B30200D1EAEC /* AudioStreamer */ = {
			isa = PBXGroup;
			children = (
				2508D1D315DBEECB0035126A /* AudioStreamer.h */,
				2508D1D515DBEECB0035126A /* AudioStreamer.m */,
				2508D1D415DBEECB0035126A /* UIDevice+Hardware.h */,
				2508D1D615DBEECB0035126A /* UIDevice+Hardware.m */,
			);
			path = AudioStreamer;
			sourceTree = "<group>";
		};
		25BA9FA215E3698A004B37BB /* ResourceCollection */ = {
			isa = PBXGroup;
			children = (
				256B144015A6267F00FD43D9 /* MFMResourceFavs.h */,
				256B144115A6267F00FD43D9 /* MFMResourceFavs.m */,
				250E7F1F15A6628A001B2D10 /* MFMResourcePlaylist.h */,
				250E7F2015A6628A001B2D10 /* MFMResourcePlaylist.m */,
				257C9EED15E7D2BC004AF278 /* MFMResourceSubs.h */,
				257C9EEE15E7D2BC004AF278 /* MFMResourceSubs.m */,
			);
			name = ResourceCollection;
			sourceTree = "<group>";
		};
		25BA9FA315E369C8004B37BB /* UIComponents */ = {
			isa = PBXGroup;
			children = (
				25BA9FA415E36A66004B37BB /* MFMHttpImageView.h */,
				25BA9FA515E36A66004B37BB /* MFMHttpImageView.m */,
				25A515C815E3DA3300D1267A /* MFMReflectedImageView.h */,
				25A515C915E3DA3300D1267A /* MFMReflectedImageView.m */,
				25A515DF15E5C4A400D1267A /* MFMResourceCell.h */,
				25A515E015E5C4A400D1267A /* MFMResourceCell.m */,
				25A515EE15E5E65300D1267A /* MFMFavCell.h */,
				25A515EF15E5E65400D1267A /* MFMFavCell.m */,
				257C9EEA15E7C5F1004AF278 /* MFMWikiCell.h */,
				257C9EEB15E7C5F1004AF278 /* MFMWikiCell.m */,
			);
			path = UIComponents;
			sourceTree = "<group>";
		};
/* End PBXGroup section */

/* Begin PBXNativeTarget section */
		253578841530918F008185BD /* Moe FM */ = {
			isa = PBXNativeTarget;
			buildConfigurationList = 253578A215309191008185BD /* Build configuration list for PBXNativeTarget "Moe FM" */;
			buildPhases = (
				253578811530918F008185BD /* Sources */,
				253578821530918F008185BD /* Frameworks */,
				253578831530918F008185BD /* Resources */,
			);
			buildRules = (
			);
			dependencies = (
			);
			name = "Moe FM";
			productName = "Moe FM";
			productReference = 2535788515309190008185BD /* Moe FM.app */;
			productType = "com.apple.product-type.application";
		};
/* End PBXNativeTarget section */

/* Begin PBXProject section */
		2535787C1530918E008185BD /* Project object */ = {
			isa = PBXProject;
			attributes = {
				CLASSPREFIX = MFM;
				LastUpgradeCheck = 0430;
			};
			buildConfigurationList = 2535787F1530918E008185BD /* Build configuration list for PBXProject "Moe FM" */;
			compatibilityVersion = "Xcode 3.2";
			developmentRegion = English;
			hasScannedForEncodings = 0;
			knownRegions = (
				en,
				"zh-Hans",
			);
			mainGroup = 2535787A1530918E008185BD;
			productRefGroup = 2535788615309190008185BD /* Products */;
			projectDirPath = "";
			projectRoot = "";
			targets = (
				253578841530918F008185BD /* Moe FM */,
			);
		};
/* End PBXProject section */

/* Begin PBXResourcesBuildPhase section */
		253578831530918F008185BD /* Resources */ = {
			isa = PBXResourcesBuildPhase;
			buildActionMask = 2147483647;
			files = (
				2535789615309190008185BD /* InfoPlist.strings in Resources */,
				253578B21530A0C0008185BD /* buttons.png in Resources */,
				253578B31530A0C0008185BD /* cover_large.png in Resources */,
				253578B41530A0C0008185BD /* cover_medium.png in Resources */,
				253578B51530A0C0008185BD /* cover_small.png in Resources */,
				253578C01530A37B008185BD /* Storyboard.storyboard in Resources */,
				25E3F5D11539A474003FABD2 /* Localizable.strings in Resources */,
				25E3F5E21539B175003FABD2 /* dislike_no.png in Resources */,
				25E3F5E31539B175003FABD2 /* dislike_yes.png in Resources */,
				25E3F5E41539B175003FABD2 /* fav_no.png in Resources */,
				25E3F5E51539B175003FABD2 /* fav_yes.png in Resources */,
				25E3F5E61539B175003FABD2 /* next.png in Resources */,
				25E3F5E71539B175003FABD2 /* pause.png in Resources */,
				25E3F5E81539B175003FABD2 /* play.png in Resources */,
				25E3F5EA1539B4B0003FABD2 /* bg_sand.png in Resources */,
				25E3F5F21539B866003FABD2 /* dislike_no@2x.png in Resources */,
				25E3F5F31539B866003FABD2 /* dislike_yes@2x.png in Resources */,
				25E3F5F41539B866003FABD2 /* fav_no@2x.png in Resources */,
				25E3F5F51539B866003FABD2 /* fav_yes@2x.png in Resources */,
				25E3F5F61539B866003FABD2 /* next@2x.png in Resources */,
				25E3F5F71539B866003FABD2 /* pause@2x.png in Resources */,
				25E3F5F81539B866003FABD2 /* play@2x.png in Resources */,
				25E3F5FC1539C87D003FABD2 /* default.png in Resources */,
				25E3F5FD1539C87D003FABD2 /* default@2x.png in Resources */,
				25E3F6001539D3DB003FABD2 /* Icon.png in Resources */,
				25E3F6011539D3DB003FABD2 /* Icon@2x.png in Resources */,
				254ECA9415A236B700251A0F /* GTMOAuthViewTouch.xib in Resources */,
				25A515BC15E3BE6300D1267A /* noise.png in Resources */,
				25A515C215E3D51500D1267A /* BarLCD@2x.png in Resources */,
				25A515D115E3E1AC00D1267A /* table-BG-pattern.png in Resources */,
				25A515D215E3E1AC00D1267A /* table-BG-pattern@2x.png in Resources */,
				25A515D415E4595600D1267A /* BarLCD.png in Resources */,
				25A515E415E5CA9A00D1267A /* list-item-bg.png in Resources */,
				25A515E515E5CA9A00D1267A /* list-item-bg@2x.png in Resources */,
				25A515EC15E5CF1F00D1267A /* list-item-selected.png in Resources */,
				25A515ED15E5CF1F00D1267A /* list-item-selected@2x.png in Resources */,
			);
			runOnlyForDeploymentPostprocessing = 0;
		};
/* End PBXResourcesBuildPhase section */

/* Begin PBXSourcesBuildPhase section */
		253578811530918F008185BD /* Sources */ = {
			isa = PBXSourcesBuildPhase;
			buildActionMask = 2147483647;
			files = (
				2535789815309190008185BD /* main.m in Sources */,
				2535789C15309191008185BD /* MFMAppDelegate.m in Sources */,
				2535789F15309191008185BD /* Moe_FM.xcdatamodeld in Sources */,
				25E3F5C015395B78003FABD2 /* Reachability.m in Sources */,
				254ECA7F15A2333F00251A0F /* GTMOAuthViewControllerTouch.m in Sources */,
				254ECA8215A233CE00251A0F /* GTMHTTPFetcher.m in Sources */,
				254ECA8715A233DC00251A0F /* GTMOAuthAuthentication.m in Sources */,
				254ECA8815A233DC00251A0F /* GTMOAuthSignIn.m in Sources */,
				254ECAB415A4BC1A00251A0F /* MFMPlayerViewController.m in Sources */,
				254ECABB15A4BEFA00251A0F /* PPRevealSideViewController.m in Sources */,
				254ECAC615A4C0F800251A0F /* MFMStartingViewController.m in Sources */,
				2539E7B215A4DFDC00E5668A /* MFMDataFetcher.m in Sources */,
				257297CF15A53C87008EB903 /* MFMMenuViewController.m in Sources */,
				257297D415A53CEF008EB903 /* SVPullToRefresh.m in Sources */,
				257297D715A5459F008EB903 /* MFMResource.m in Sources */,
				25A48C8B15A5D83400EBFB59 /* MFMResourceFav.m in Sources */,
				25A48C8F15A5E4C600EBFB59 /* MFMResourceWiki.m in Sources */,
				2565D31315A5F4FB00A8BAA6 /* MFMResourceSub.m in Sources */,
				256B144215A6268000FD43D9 /* MFMResourceFavs.m in Sources */,
				256B144615A6381500FD43D9 /* MFMFavsViewController.m in Sources */,
				250E7F2115A6628A001B2D10 /* MFMResourcePlaylist.m in Sources */,
				250E7F2515A662D4001B2D10 /* MFMResourceSong.m in Sources */,
				250E7F3015A68811001B2D10 /* MFMPlayerManager.m in Sources */,
				2508D1D715DBEECB0035126A /* AudioStreamer.m in Sources */,
				2508D1D915DBEECB0035126A /* UIDevice+Hardware.m in Sources */,
				25161FA115DC46DE00B16227 /* MFMOAuth.m in Sources */,
				25124AC015DD6A5300B011AD /* MFMResourceCollection.m in Sources */,
				25BA9FA615E36A66004B37BB /* MFMHttpImageView.m in Sources */,
				25BA9FA915E38E98004B37BB /* MFMPlaybackControlViewController.m in Sources */,
				25A515CA15E3DA3300D1267A /* MFMReflectedImageView.m in Sources */,
				25A515DA15E46BF800D1267A /* MFMNetworkManager.m in Sources */,
				25A515E115E5C4A500D1267A /* MFMResourceCell.m in Sources */,
				25A515F015E5E65400D1267A /* MFMFavCell.m in Sources */,
				257C9EE915E7BB15004AF278 /* MFMWikiViewController.m in Sources */,
				257C9EEC15E7C5F1004AF278 /* MFMWikiCell.m in Sources */,
				257C9EEF15E7D2BC004AF278 /* MFMResourceSubs.m in Sources */,
				257C9EF215E7DD43004AF278 /* MFMResourcesViewController.m in Sources */,
			);
			runOnlyForDeploymentPostprocessing = 0;
		};
/* End PBXSourcesBuildPhase section */

/* Begin PBXVariantGroup section */
		2535789415309190008185BD /* InfoPlist.strings */ = {
			isa = PBXVariantGroup;
			children = (
				2535789515309190008185BD /* en */,
				253578BC1530A173008185BD /* zh-Hans */,
			);
			name = InfoPlist.strings;
			sourceTree = "<group>";
		};
		253578C21530A37B008185BD /* Storyboard.storyboard */ = {
			isa = PBXVariantGroup;
			children = (
				253578C11530A37B008185BD /* en */,
			);
			name = Storyboard.storyboard;
			sourceTree = "<group>";
		};
		25E3F5D31539A474003FABD2 /* Localizable.strings */ = {
			isa = PBXVariantGroup;
			children = (
				25E3F5D21539A474003FABD2 /* en */,
				25E3F5F91539C2E8003FABD2 /* zh-Hans */,
			);
			name = Localizable.strings;
			sourceTree = "<group>";
		};
/* End PBXVariantGroup section */

/* Begin XCBuildConfiguration section */
		253578A015309191008185BD /* Debug */ = {
			isa = XCBuildConfiguration;
			buildSettings = {
				ALWAYS_SEARCH_USER_PATHS = NO;
				ARCHS = "$(ARCHS_STANDARD_32_BIT)";
				CLANG_ENABLE_OBJC_ARC = YES;
				CODE_SIGN_IDENTITY = "iPhone Developer";
				"CODE_SIGN_IDENTITY[sdk=iphoneos*]" = "iPhone Developer";
				COPY_PHASE_STRIP = NO;
				GCC_C_LANGUAGE_STANDARD = gnu99;
				GCC_DYNAMIC_NO_PIC = NO;
				GCC_OPTIMIZATION_LEVEL = 0;
				GCC_PREPROCESSOR_DEFINITIONS = (
					"DEBUG=1",
					"$(inherited)",
				);
				GCC_SYMBOLS_PRIVATE_EXTERN = NO;
				GCC_VERSION = com.apple.compilers.llvm.clang.1_0;
				GCC_WARN_ABOUT_RETURN_TYPE = YES;
				GCC_WARN_UNINITIALIZED_AUTOS = YES;
				GCC_WARN_UNUSED_VARIABLE = YES;
				IPHONEOS_DEPLOYMENT_TARGET = 5.0;
				PROVISIONING_PROFILE = "";
				SDKROOT = iphoneos;
			};
			name = Debug;
		};
		253578A115309191008185BD /* Release */ = {
			isa = XCBuildConfiguration;
			buildSettings = {
				ALWAYS_SEARCH_USER_PATHS = NO;
				ARCHS = "$(ARCHS_STANDARD_32_BIT)";
				CLANG_ENABLE_OBJC_ARC = YES;
				CODE_SIGN_IDENTITY = "iPhone Distribution";
				"CODE_SIGN_IDENTITY[sdk=iphoneos*]" = "iPhone Developer";
				COPY_PHASE_STRIP = YES;
				GCC_C_LANGUAGE_STANDARD = gnu99;
				GCC_VERSION = com.apple.compilers.llvm.clang.1_0;
				GCC_WARN_ABOUT_RETURN_TYPE = YES;
				GCC_WARN_UNINITIALIZED_AUTOS = YES;
				GCC_WARN_UNUSED_VARIABLE = YES;
				IPHONEOS_DEPLOYMENT_TARGET = 5.0;
				OTHER_CFLAGS = "-DNS_BLOCK_ASSERTIONS=1";
				PROVISIONING_PROFILE = "";
				SDKROOT = iphoneos;
				VALIDATE_PRODUCT = YES;
			};
			name = Release;
		};
		253578A315309191008185BD /* Debug */ = {
			isa = XCBuildConfiguration;
			buildSettings = {
				CODE_SIGN_IDENTITY = "iPhone Developer";
				GCC_PRECOMPILE_PREFIX_HEADER = YES;
				GCC_PREFIX_HEADER = "Moe FM/Moe FM-Prefix.pch";
				INFOPLIST_FILE = "Moe FM/Moe FM-Info.plist";
				IPHONEOS_DEPLOYMENT_TARGET = 5.0;
				PRODUCT_NAME = "$(TARGET_NAME)";
				PROVISIONING_PROFILE = "";
				WRAPPER_EXTENSION = app;
			};
			name = Debug;
		};
		253578A415309191008185BD /* Release */ = {
			isa = XCBuildConfiguration;
			buildSettings = {
				CODE_SIGN_IDENTITY = "iPhone Distribution";
				GCC_PRECOMPILE_PREFIX_HEADER = YES;
				GCC_PREFIX_HEADER = "Moe FM/Moe FM-Prefix.pch";
				INFOPLIST_FILE = "Moe FM/Moe FM-Info.plist";
				IPHONEOS_DEPLOYMENT_TARGET = 5.0;
				PRODUCT_NAME = "$(TARGET_NAME)";
				PROVISIONING_PROFILE = "";
				WRAPPER_EXTENSION = app;
			};
			name = Release;
		};
/* End XCBuildConfiguration section */

/* Begin XCConfigurationList section */
		2535787F1530918E008185BD /* Build configuration list for PBXProject "Moe FM" */ = {
			isa = XCConfigurationList;
			buildConfigurations = (
				253578A015309191008185BD /* Debug */,
				253578A115309191008185BD /* Release */,
			);
			defaultConfigurationIsVisible = 0;
			defaultConfigurationName = Release;
		};
		253578A215309191008185BD /* Build configuration list for PBXNativeTarget "Moe FM" */ = {
			isa = XCConfigurationList;
			buildConfigurations = (
				253578A315309191008185BD /* Debug */,
				253578A415309191008185BD /* Release */,
			);
			defaultConfigurationIsVisible = 0;
			defaultConfigurationName = Release;
		};
/* End XCConfigurationList section */

/* Begin XCVersionGroup section */
		2535789D15309191008185BD /* Moe_FM.xcdatamodeld */ = {
			isa = XCVersionGroup;
			children = (
				2535789E15309191008185BD /* Moe_FM.xcdatamodel */,
			);
			currentVersion = 2535789E15309191008185BD /* Moe_FM.xcdatamodel */;
			path = Moe_FM.xcdatamodeld;
			sourceTree = "<group>";
			versionGroupType = wrapper.xcdatamodel;
		};
/* End XCVersionGroup section */
	};
	rootObject = 2535787C1530918E008185BD /* Project object */;
}
