// !$*UTF8*$!
{
	archiveVersion = 1;
	classes = {
	};
	objectVersion = 46;
	objects = {

/* Begin PBXBuildFile section */
		2513DEDE1535FCA200CB0B0A /* MoeFmAPI.m in Sources */ = {isa = PBXBuildFile; fileRef = 2513DEDD1535FCA200CB0B0A /* MoeFmAPI.m */; };
		2513DEE11535FCB800CB0B0A /* MoeFmPlayer.m in Sources */ = {isa = PBXBuildFile; fileRef = 2513DEE01535FCB800CB0B0A /* MoeFmPlayer.m */; };
		2535788A15309190008185BD /* UIKit.framework in Frameworks */ = {isa = PBXBuildFile; fileRef = 2535788915309190008185BD /* UIKit.framework */; };
		2535788C15309190008185BD /* Foundation.framework in Frameworks */ = {isa = PBXBuildFile; fileRef = 2535788B15309190008185BD /* Foundation.framework */; };
		2535788E15309190008185BD /* CoreGraphics.framework in Frameworks */ = {isa = PBXBuildFile; fileRef = 2535788D15309190008185BD /* CoreGraphics.framework */; };
		2535789015309190008185BD /* CoreData.framework in Frameworks */ = {isa = PBXBuildFile; fileRef = 2535788F15309190008185BD /* CoreData.framework */; };
		2535789615309190008185BD /* InfoPlist.strings in Resources */ = {isa = PBXBuildFile; fileRef = 2535789415309190008185BD /* InfoPlist.strings */; };
		2535789815309190008185BD /* main.m in Sources */ = {isa = PBXBuildFile; fileRef = 2535789715309190008185BD /* main.m */; };
		2535789C15309191008185BD /* MFMAppDelegate.m in Sources */ = {isa = PBXBuildFile; fileRef = 2535789B15309191008185BD /* MFMAppDelegate.m */; };
		2535789F15309191008185BD /* Moe_FM.xcdatamodeld in Sources */ = {isa = PBXBuildFile; fileRef = 2535789D15309191008185BD /* Moe_FM.xcdatamodeld */; };
		253578B21530A0C0008185BD /* buttons.png in Resources */ = {isa = PBXBuildFile; fileRef = 253578AE1530A0C0008185BD /* buttons.png */; };
		253578B31530A0C0008185BD /* cover_large.png in Resources */ = {isa = PBXBuildFile; fileRef = 253578AF1530A0C0008185BD /* cover_large.png */; };
		253578B41530A0C0008185BD /* cover_medium.png in Resources */ = {isa = PBXBuildFile; fileRef = 253578B01530A0C0008185BD /* cover_medium.png */; };
		253578B51530A0C0008185BD /* cover_small.png in Resources */ = {isa = PBXBuildFile; fileRef = 253578B11530A0C0008185BD /* cover_small.png */; };
		25B35B1015314F7500D1EAEC /* MFMPlayerViewController.m in Sources */ = {isa = PBXBuildFile; fileRef = 25B35B0F15314F7500D1EAEC /* MFMPlayerViewController.m */; };
		25B35B1F1531B30200D1EAEC /* AudioStreamer.m in Sources */ = {isa = PBXBuildFile; fileRef = 25B35B1E1531B30200D1EAEC /* AudioStreamer.m */; settings = {COMPILER_FLAGS = " -fno-objc-arc"; }; };
		25B35B261531DA1100D1EAEC /* UIDevice+Hardware.m in Sources */ = {isa = PBXBuildFile; fileRef = 25B35B251531DA1000D1EAEC /* UIDevice+Hardware.m */; settings = {COMPILER_FLAGS = " -fno-objc-arc"; }; };
		25B35B291531DC7900D1EAEC /* MediaPlayer.framework in Frameworks */ = {isa = PBXBuildFile; fileRef = 25B35B281531DC7900D1EAEC /* MediaPlayer.framework */; };
		25B35B2B1531DC8300D1EAEC /* AudioToolbox.framework in Frameworks */ = {isa = PBXBuildFile; fileRef = 25B35B2A1531DC8300D1EAEC /* AudioToolbox.framework */; };
		25B35B2D1531DC9200D1EAEC /* CFNetwork.framework in Frameworks */ = {isa = PBXBuildFile; fileRef = 25B35B2C1531DC9200D1EAEC /* CFNetwork.framework */; };
		25B35B2F1531DCA300D1EAEC /* QuartzCore.framework in Frameworks */ = {isa = PBXBuildFile; fileRef = 25B35B2E1531DCA300D1EAEC /* QuartzCore.framework */; };
		25E3F5C015395B78003FABD2 /* Reachability.m in Sources */ = {isa = PBXBuildFile; fileRef = 25E3F5BF15395723003FABD2 /* Reachability.m */; settings = {COMPILER_FLAGS = " -fno-objc-arc"; }; };
		25E3F5CA15396020003FABD2 /* SystemConfiguration.framework in Frameworks */ = {isa = PBXBuildFile; fileRef = 25E3F5C915396020003FABD2 /* SystemConfiguration.framework */; };
		25E3F5D11539A474003FABD2 /* Localizable.strings in Resources */ = {isa = PBXBuildFile; fileRef = 25E3F5D31539A474003FABD2 /* Localizable.strings */; };
		25E3F5E21539B175003FABD2 /* dislike_no.png in Resources */ = {isa = PBXBuildFile; fileRef = 25E3F5DB1539B174003FABD2 /* dislike_no.png */; };
		25E3F5E31539B175003FABD2 /* dislike_yes.png in Resources */ = {isa = PBXBuildFile; fileRef = 25E3F5DC1539B174003FABD2 /* dislike_yes.png */; };
		25E3F5E41539B175003FABD2 /* fav_no.png in Resources */ = {isa = PBXBuildFile; fileRef = 25E3F5DD1539B174003FABD2 /* fav_no.png */; };
		25E3F5E51539B175003FABD2 /* fav_yes.png in Resources */ = {isa = PBXBuildFile; fileRef = 25E3F5DE1539B174003FABD2 /* fav_yes.png */; };
		25E3F5E61539B175003FABD2 /* next.png in Resources */ = {isa = PBXBuildFile; fileRef = 25E3F5DF1539B175003FABD2 /* next.png */; };
		25E3F5E71539B175003FABD2 /* pause.png in Resources */ = {isa = PBXBuildFile; fileRef = 25E3F5E01539B175003FABD2 /* pause.png */; };
		25E3F5E81539B175003FABD2 /* play.png in Resources */ = {isa = PBXBuildFile; fileRef = 25E3F5E11539B175003FABD2 /* play.png */; };
		25E3F5EA1539B4B0003FABD2 /* bg_sand.png in Resources */ = {isa = PBXBuildFile; fileRef = 25E3F5E91539B4AF003FABD2 /* bg_sand.png */; };
		25E3F5F21539B866003FABD2 /* dislike_no@2x.png in Resources */ = {isa = PBXBuildFile; fileRef = 25E3F5EB1539B866003FABD2 /* dislike_no@2x.png */; };
		25E3F5F31539B866003FABD2 /* dislike_yes@2x.png in Resources */ = {isa = PBXBuildFile; fileRef = 25E3F5EC1539B866003FABD2 /* dislike_yes@2x.png */; };
		25E3F5F41539B866003FABD2 /* fav_no@2x.png in Resources */ = {isa = PBXBuildFile; fileRef = 25E3F5ED1539B866003FABD2 /* fav_no@2x.png */; };
		25E3F5F51539B866003FABD2 /* fav_yes@2x.png in Resources */ = {isa = PBXBuildFile; fileRef = 25E3F5EE1539B866003FABD2 /* fav_yes@2x.png */; };
		25E3F5F61539B866003FABD2 /* next@2x.png in Resources */ = {isa = PBXBuildFile; fileRef = 25E3F5EF1539B866003FABD2 /* next@2x.png */; };
		25E3F5F71539B866003FABD2 /* pause@2x.png in Resources */ = {isa = PBXBuildFile; fileRef = 25E3F5F01539B866003FABD2 /* pause@2x.png */; };
		25E3F5F81539B866003FABD2 /* play@2x.png in Resources */ = {isa = PBXBuildFile; fileRef = 25E3F5F11539B866003FABD2 /* play@2x.png */; };
		25E3F5FC1539C87D003FABD2 /* default.png in Resources */ = {isa = PBXBuildFile; fileRef = 25E3F5FA1539C87C003FABD2 /* default.png */; };
		25E3F5FD1539C87D003FABD2 /* default@2x.png in Resources */ = {isa = PBXBuildFile; fileRef = 25E3F5FB1539C87C003FABD2 /* default@2x.png */; };
		25E3F6001539D3DB003FABD2 /* Icon.png in Resources */ = {isa = PBXBuildFile; fileRef = 25E3F5FE1539D3DA003FABD2 /* Icon.png */; };
		25E3F6011539D3DB003FABD2 /* Icon@2x.png in Resources */ = {isa = PBXBuildFile; fileRef = 25E3F5FF1539D3DA003FABD2 /* Icon@2x.png */; };
		4752974C15DFE32C00F85CFE /* CDataScanner.m in Sources */ = {isa = PBXBuildFile; fileRef = 4752973515DFE32C00F85CFE /* CDataScanner.m */; };
		4752974D15DFE32C00F85CFE /* CFilteringJSONSerializer.m in Sources */ = {isa = PBXBuildFile; fileRef = 4752973815DFE32C00F85CFE /* CFilteringJSONSerializer.m */; };
		4752974E15DFE32C00F85CFE /* CJSONDeserializer_BlocksExtensions.m in Sources */ = {isa = PBXBuildFile; fileRef = 4752973A15DFE32C00F85CFE /* CJSONDeserializer_BlocksExtensions.m */; };
		4752974F15DFE32C00F85CFE /* CJSONSerialization.m in Sources */ = {isa = PBXBuildFile; fileRef = 4752973C15DFE32C00F85CFE /* CJSONSerialization.m */; };
		4752975015DFE32C00F85CFE /* CJSONSerializedData.m in Sources */ = {isa = PBXBuildFile; fileRef = 4752973E15DFE32C00F85CFE /* CJSONSerializedData.m */; };
		4752975115DFE32C00F85CFE /* CDataScanner_Extensions.m in Sources */ = {isa = PBXBuildFile; fileRef = 4752974115DFE32C00F85CFE /* CDataScanner_Extensions.m */; };
		4752975215DFE32C00F85CFE /* NSDictionary_JSONExtensions.m in Sources */ = {isa = PBXBuildFile; fileRef = 4752974315DFE32C00F85CFE /* NSDictionary_JSONExtensions.m */; };
		4752975315DFE32C00F85CFE /* CJSONDeserializer.m in Sources */ = {isa = PBXBuildFile; fileRef = 4752974615DFE32C00F85CFE /* CJSONDeserializer.m */; };
		4752975415DFE32C00F85CFE /* CJSONScanner.m in Sources */ = {isa = PBXBuildFile; fileRef = 4752974815DFE32C00F85CFE /* CJSONScanner.m */; };
		4752975515DFE32C00F85CFE /* CJSONSerializer.m in Sources */ = {isa = PBXBuildFile; fileRef = 4752974A15DFE32C00F85CFE /* CJSONSerializer.m */; };
		4753D40015DD3F9800B6267C /* Mainwindow.xib in Resources */ = {isa = PBXBuildFile; fileRef = 4753D3FF15DD3F9800B6267C /* Mainwindow.xib */; };
		4753D40215DD431200B6267C /* MFMPlayerViewController.xib in Resources */ = {isa = PBXBuildFile; fileRef = 4753D40115DD431200B6267C /* MFMPlayerViewController.xib */; };
/* End PBXBuildFile section */

/* Begin PBXFileReference section */
		2513DEDC1535FCA200CB0B0A /* MoeFmAPI.h */ = {isa = PBXFileReference; fileEncoding = 4; lastKnownFileType = sourcecode.c.h; path = MoeFmAPI.h; sourceTree = "<group>"; };
		2513DEDD1535FCA200CB0B0A /* MoeFmAPI.m */ = {isa = PBXFileReference; fileEncoding = 4; lastKnownFileType = sourcecode.c.objc; path = MoeFmAPI.m; sourceTree = "<group>"; };
		2513DEDF1535FCB800CB0B0A /* MoeFmPlayer.h */ = {isa = PBXFileReference; fileEncoding = 4; lastKnownFileType = sourcecode.c.h; path = MoeFmPlayer.h; sourceTree = "<group>"; };
		2513DEE01535FCB800CB0B0A /* MoeFmPlayer.m */ = {isa = PBXFileReference; fileEncoding = 4; lastKnownFileType = sourcecode.c.objc; path = MoeFmPlayer.m; sourceTree = "<group>"; };
		2535788515309190008185BD /* Moe FM.app */ = {isa = PBXFileReference; explicitFileType = wrapper.application; includeInIndex = 0; path = "Moe FM.app"; sourceTree = BUILT_PRODUCTS_DIR; };
		2535788915309190008185BD /* UIKit.framework */ = {isa = PBXFileReference; lastKnownFileType = wrapper.framework; name = UIKit.framework; path = System/Library/Frameworks/UIKit.framework; sourceTree = SDKROOT; };
		2535788B15309190008185BD /* Foundation.framework */ = {isa = PBXFileReference; lastKnownFileType = wrapper.framework; name = Foundation.framework; path = System/Library/Frameworks/Foundation.framework; sourceTree = SDKROOT; };
		2535788D15309190008185BD /* CoreGraphics.framework */ = {isa = PBXFileReference; lastKnownFileType = wrapper.framework; name = CoreGraphics.framework; path = System/Library/Frameworks/CoreGraphics.framework; sourceTree = SDKROOT; };
		2535788F15309190008185BD /* CoreData.framework */ = {isa = PBXFileReference; lastKnownFileType = wrapper.framework; name = CoreData.framework; path = System/Library/Frameworks/CoreData.framework; sourceTree = SDKROOT; };
		2535789315309190008185BD /* Moe FM-Info.plist */ = {isa = PBXFileReference; lastKnownFileType = text.plist.xml; path = "Moe FM-Info.plist"; sourceTree = "<group>"; };
		2535789515309190008185BD /* en */ = {isa = PBXFileReference; lastKnownFileType = text.plist.strings; name = en; path = en.lproj/InfoPlist.strings; sourceTree = "<group>"; };
		2535789715309190008185BD /* main.m */ = {isa = PBXFileReference; lastKnownFileType = sourcecode.c.objc; path = main.m; sourceTree = "<group>"; };
		2535789915309190008185BD /* Moe FM-Prefix.pch */ = {isa = PBXFileReference; lastKnownFileType = sourcecode.c.h; path = "Moe FM-Prefix.pch"; sourceTree = "<group>"; };
		2535789A15309190008185BD /* MFMAppDelegate.h */ = {isa = PBXFileReference; lastKnownFileType = sourcecode.c.h; path = MFMAppDelegate.h; sourceTree = "<group>"; };
		2535789B15309191008185BD /* MFMAppDelegate.m */ = {isa = PBXFileReference; lastKnownFileType = sourcecode.c.objc; path = MFMAppDelegate.m; sourceTree = "<group>"; };
		2535789E15309191008185BD /* Moe_FM.xcdatamodel */ = {isa = PBXFileReference; lastKnownFileType = wrapper.xcdatamodel; path = Moe_FM.xcdatamodel; sourceTree = "<group>"; };
		253578AE1530A0C0008185BD /* buttons.png */ = {isa = PBXFileReference; lastKnownFileType = image.png; path = buttons.png; sourceTree = "<group>"; };
		253578AF1530A0C0008185BD /* cover_large.png */ = {isa = PBXFileReference; lastKnownFileType = image.png; path = cover_large.png; sourceTree = "<group>"; };
		253578B01530A0C0008185BD /* cover_medium.png */ = {isa = PBXFileReference; lastKnownFileType = image.png; path = cover_medium.png; sourceTree = "<group>"; };
		253578B11530A0C0008185BD /* cover_small.png */ = {isa = PBXFileReference; lastKnownFileType = image.png; path = cover_small.png; sourceTree = "<group>"; };
		25B35B0E15314F7500D1EAEC /* MFMPlayerViewController.h */ = {isa = PBXFileReference; fileEncoding = 4; lastKnownFileType = sourcecode.c.h; path = MFMPlayerViewController.h; sourceTree = "<group>"; };
		25B35B0F15314F7500D1EAEC /* MFMPlayerViewController.m */ = {isa = PBXFileReference; fileEncoding = 4; lastKnownFileType = sourcecode.c.objc; path = MFMPlayerViewController.m; sourceTree = "<group>"; };
		25B35B1D1531B30200D1EAEC /* AudioStreamer.h */ = {isa = PBXFileReference; fileEncoding = 4; lastKnownFileType = sourcecode.c.h; path = AudioStreamer.h; sourceTree = "<group>"; };
		25B35B1E1531B30200D1EAEC /* AudioStreamer.m */ = {isa = PBXFileReference; fileEncoding = 4; lastKnownFileType = sourcecode.c.objc; path = AudioStreamer.m; sourceTree = "<group>"; };
		25B35B241531DA1000D1EAEC /* UIDevice+Hardware.h */ = {isa = PBXFileReference; fileEncoding = 4; lastKnownFileType = sourcecode.c.h; path = "UIDevice+Hardware.h"; sourceTree = "<group>"; };
		25B35B251531DA1000D1EAEC /* UIDevice+Hardware.m */ = {isa = PBXFileReference; fileEncoding = 4; lastKnownFileType = sourcecode.c.objc; path = "UIDevice+Hardware.m"; sourceTree = "<group>"; };
		25B35B281531DC7900D1EAEC /* MediaPlayer.framework */ = {isa = PBXFileReference; lastKnownFileType = wrapper.framework; name = MediaPlayer.framework; path = System/Library/Frameworks/MediaPlayer.framework; sourceTree = SDKROOT; };
		25B35B2A1531DC8300D1EAEC /* AudioToolbox.framework */ = {isa = PBXFileReference; lastKnownFileType = wrapper.framework; name = AudioToolbox.framework; path = System/Library/Frameworks/AudioToolbox.framework; sourceTree = SDKROOT; };
		25B35B2C1531DC9200D1EAEC /* CFNetwork.framework */ = {isa = PBXFileReference; lastKnownFileType = wrapper.framework; name = CFNetwork.framework; path = System/Library/Frameworks/CFNetwork.framework; sourceTree = SDKROOT; };
		25B35B2E1531DCA300D1EAEC /* QuartzCore.framework */ = {isa = PBXFileReference; lastKnownFileType = wrapper.framework; name = QuartzCore.framework; path = System/Library/Frameworks/QuartzCore.framework; sourceTree = SDKROOT; };
		25E3F5BE15395723003FABD2 /* Reachability.h */ = {isa = PBXFileReference; lastKnownFileType = sourcecode.c.h; path = Reachability.h; sourceTree = "<group>"; };
		25E3F5BF15395723003FABD2 /* Reachability.m */ = {isa = PBXFileReference; lastKnownFileType = sourcecode.c.objc; path = Reachability.m; sourceTree = "<group>"; };
		25E3F5C915396020003FABD2 /* SystemConfiguration.framework */ = {isa = PBXFileReference; lastKnownFileType = wrapper.framework; name = SystemConfiguration.framework; path = System/Library/Frameworks/SystemConfiguration.framework; sourceTree = SDKROOT; };
		25E3F5D21539A474003FABD2 /* en */ = {isa = PBXFileReference; lastKnownFileType = text.plist.strings; name = en; path = en.lproj/Localizable.strings; sourceTree = "<group>"; };
		25E3F5DB1539B174003FABD2 /* dislike_no.png */ = {isa = PBXFileReference; lastKnownFileType = image.png; path = dislike_no.png; sourceTree = "<group>"; };
		25E3F5DC1539B174003FABD2 /* dislike_yes.png */ = {isa = PBXFileReference; lastKnownFileType = image.png; path = dislike_yes.png; sourceTree = "<group>"; };
		25E3F5DD1539B174003FABD2 /* fav_no.png */ = {isa = PBXFileReference; lastKnownFileType = image.png; path = fav_no.png; sourceTree = "<group>"; };
		25E3F5DE1539B174003FABD2 /* fav_yes.png */ = {isa = PBXFileReference; lastKnownFileType = image.png; path = fav_yes.png; sourceTree = "<group>"; };
		25E3F5DF1539B175003FABD2 /* next.png */ = {isa = PBXFileReference; lastKnownFileType = image.png; path = next.png; sourceTree = "<group>"; };
		25E3F5E01539B175003FABD2 /* pause.png */ = {isa = PBXFileReference; lastKnownFileType = image.png; path = pause.png; sourceTree = "<group>"; };
		25E3F5E11539B175003FABD2 /* play.png */ = {isa = PBXFileReference; lastKnownFileType = image.png; path = play.png; sourceTree = "<group>"; };
		25E3F5E91539B4AF003FABD2 /* bg_sand.png */ = {isa = PBXFileReference; lastKnownFileType = image.png; path = bg_sand.png; sourceTree = "<group>"; };
		25E3F5EB1539B866003FABD2 /* dislike_no@2x.png */ = {isa = PBXFileReference; lastKnownFileType = image.png; path = "dislike_no@2x.png"; sourceTree = "<group>"; };
		25E3F5EC1539B866003FABD2 /* dislike_yes@2x.png */ = {isa = PBXFileReference; lastKnownFileType = image.png; path = "dislike_yes@2x.png"; sourceTree = "<group>"; };
		25E3F5ED1539B866003FABD2 /* fav_no@2x.png */ = {isa = PBXFileReference; lastKnownFileType = image.png; path = "fav_no@2x.png"; sourceTree = "<group>"; };
		25E3F5EE1539B866003FABD2 /* fav_yes@2x.png */ = {isa = PBXFileReference; lastKnownFileType = image.png; path = "fav_yes@2x.png"; sourceTree = "<group>"; };
		25E3F5EF1539B866003FABD2 /* next@2x.png */ = {isa = PBXFileReference; lastKnownFileType = image.png; path = "next@2x.png"; sourceTree = "<group>"; };
		25E3F5F01539B866003FABD2 /* pause@2x.png */ = {isa = PBXFileReference; lastKnownFileType = image.png; path = "pause@2x.png"; sourceTree = "<group>"; };
		25E3F5F11539B866003FABD2 /* play@2x.png */ = {isa = PBXFileReference; lastKnownFileType = image.png; path = "play@2x.png"; sourceTree = "<group>"; };
		25E3F5F91539C2E8003FABD2 /* zh-Hans */ = {isa = PBXFileReference; lastKnownFileType = text.plist.strings; name = "zh-Hans"; path = "zh-Hans.lproj/Localizable.strings"; sourceTree = "<group>"; };
		25E3F5FA1539C87C003FABD2 /* default.png */ = {isa = PBXFileReference; lastKnownFileType = image.png; path = default.png; sourceTree = "<group>"; };
		25E3F5FB1539C87C003FABD2 /* default@2x.png */ = {isa = PBXFileReference; lastKnownFileType = image.png; path = "default@2x.png"; sourceTree = "<group>"; };
		25E3F5FE1539D3DA003FABD2 /* Icon.png */ = {isa = PBXFileReference; lastKnownFileType = image.png; path = Icon.png; sourceTree = "<group>"; };
		25E3F5FF1539D3DA003FABD2 /* Icon@2x.png */ = {isa = PBXFileReference; lastKnownFileType = image.png; path = "Icon@2x.png"; sourceTree = "<group>"; };
		4752973415DFE32C00F85CFE /* CDataScanner.h */ = {isa = PBXFileReference; fileEncoding = 4; lastKnownFileType = sourcecode.c.h; path = CDataScanner.h; sourceTree = "<group>"; };
		4752973515DFE32C00F85CFE /* CDataScanner.m */ = {isa = PBXFileReference; fileEncoding = 4; lastKnownFileType = sourcecode.c.objc; path = CDataScanner.m; sourceTree = "<group>"; };
		4752973715DFE32C00F85CFE /* CFilteringJSONSerializer.h */ = {isa = PBXFileReference; fileEncoding = 4; lastKnownFileType = sourcecode.c.h; path = CFilteringJSONSerializer.h; sourceTree = "<group>"; };
		4752973815DFE32C00F85CFE /* CFilteringJSONSerializer.m */ = {isa = PBXFileReference; fileEncoding = 4; lastKnownFileType = sourcecode.c.objc; path = CFilteringJSONSerializer.m; sourceTree = "<group>"; };
		4752973915DFE32C00F85CFE /* CJSONDeserializer_BlocksExtensions.h */ = {isa = PBXFileReference; fileEncoding = 4; lastKnownFileType = sourcecode.c.h; path = CJSONDeserializer_BlocksExtensions.h; sourceTree = "<group>"; };
		4752973A15DFE32C00F85CFE /* CJSONDeserializer_BlocksExtensions.m */ = {isa = PBXFileReference; fileEncoding = 4; lastKnownFileType = sourcecode.c.objc; path = CJSONDeserializer_BlocksExtensions.m; sourceTree = "<group>"; };
		4752973B15DFE32C00F85CFE /* CJSONSerialization.h */ = {isa = PBXFileReference; fileEncoding = 4; lastKnownFileType = sourcecode.c.h; path = CJSONSerialization.h; sourceTree = "<group>"; };
		4752973C15DFE32C00F85CFE /* CJSONSerialization.m */ = {isa = PBXFileReference; fileEncoding = 4; lastKnownFileType = sourcecode.c.objc; path = CJSONSerialization.m; sourceTree = "<group>"; };
		4752973D15DFE32C00F85CFE /* CJSONSerializedData.h */ = {isa = PBXFileReference; fileEncoding = 4; lastKnownFileType = sourcecode.c.h; path = CJSONSerializedData.h; sourceTree = "<group>"; };
		4752973E15DFE32C00F85CFE /* CJSONSerializedData.m */ = {isa = PBXFileReference; fileEncoding = 4; lastKnownFileType = sourcecode.c.objc; path = CJSONSerializedData.m; sourceTree = "<group>"; };
		4752974015DFE32C00F85CFE /* CDataScanner_Extensions.h */ = {isa = PBXFileReference; fileEncoding = 4; lastKnownFileType = sourcecode.c.h; path = CDataScanner_Extensions.h; sourceTree = "<group>"; };
		4752974115DFE32C00F85CFE /* CDataScanner_Extensions.m */ = {isa = PBXFileReference; fileEncoding = 4; lastKnownFileType = sourcecode.c.objc; path = CDataScanner_Extensions.m; sourceTree = "<group>"; };
		4752974215DFE32C00F85CFE /* NSDictionary_JSONExtensions.h */ = {isa = PBXFileReference; fileEncoding = 4; lastKnownFileType = sourcecode.c.h; path = NSDictionary_JSONExtensions.h; sourceTree = "<group>"; };
		4752974315DFE32C00F85CFE /* NSDictionary_JSONExtensions.m */ = {isa = PBXFileReference; fileEncoding = 4; lastKnownFileType = sourcecode.c.objc; path = NSDictionary_JSONExtensions.m; sourceTree = "<group>"; };
		4752974515DFE32C00F85CFE /* CJSONDeserializer.h */ = {isa = PBXFileReference; fileEncoding = 4; lastKnownFileType = sourcecode.c.h; path = CJSONDeserializer.h; sourceTree = "<group>"; };
		4752974615DFE32C00F85CFE /* CJSONDeserializer.m */ = {isa = PBXFileReference; fileEncoding = 4; lastKnownFileType = sourcecode.c.objc; path = CJSONDeserializer.m; sourceTree = "<group>"; };
		4752974715DFE32C00F85CFE /* CJSONScanner.h */ = {isa = PBXFileReference; fileEncoding = 4; lastKnownFileType = sourcecode.c.h; path = CJSONScanner.h; sourceTree = "<group>"; };
		4752974815DFE32C00F85CFE /* CJSONScanner.m */ = {isa = PBXFileReference; fileEncoding = 4; lastKnownFileType = sourcecode.c.objc; path = CJSONScanner.m; sourceTree = "<group>"; };
		4752974915DFE32C00F85CFE /* CJSONSerializer.h */ = {isa = PBXFileReference; fileEncoding = 4; lastKnownFileType = sourcecode.c.h; path = CJSONSerializer.h; sourceTree = "<group>"; };
		4752974A15DFE32C00F85CFE /* CJSONSerializer.m */ = {isa = PBXFileReference; fileEncoding = 4; lastKnownFileType = sourcecode.c.objc; path = CJSONSerializer.m; sourceTree = "<group>"; };
		4752974B15DFE32C00F85CFE /* JSONRepresentation.h */ = {isa = PBXFileReference; fileEncoding = 4; lastKnownFileType = sourcecode.c.h; path = JSONRepresentation.h; sourceTree = "<group>"; };
		4753D3FF15DD3F9800B6267C /* Mainwindow.xib */ = {isa = PBXFileReference; fileEncoding = 4; lastKnownFileType = file.xib; path = Mainwindow.xib; sourceTree = "<group>"; };
		4753D40115DD431200B6267C /* MFMPlayerViewController.xib */ = {isa = PBXFileReference; fileEncoding = 4; lastKnownFileType = file.xib; path = MFMPlayerViewController.xib; sourceTree = "<group>"; };
/* End PBXFileReference section */

/* Begin PBXFrameworksBuildPhase section */
		253578821530918F008185BD /* Frameworks */ = {
			isa = PBXFrameworksBuildPhase;
			buildActionMask = 2147483647;
			files = (
				25E3F5CA15396020003FABD2 /* SystemConfiguration.framework in Frameworks */,
				25B35B2F1531DCA300D1EAEC /* QuartzCore.framework in Frameworks */,
				25B35B2D1531DC9200D1EAEC /* CFNetwork.framework in Frameworks */,
				25B35B2B1531DC8300D1EAEC /* AudioToolbox.framework in Frameworks */,
				25B35B291531DC7900D1EAEC /* MediaPlayer.framework in Frameworks */,
				2535788A15309190008185BD /* UIKit.framework in Frameworks */,
				2535788C15309190008185BD /* Foundation.framework in Frameworks */,
				2535788E15309190008185BD /* CoreGraphics.framework in Frameworks */,
				2535789015309190008185BD /* CoreData.framework in Frameworks */,
			);
			runOnlyForDeploymentPostprocessing = 0;
		};
/* End PBXFrameworksBuildPhase section */

/* Begin PBXGroup section */
		2513DEDB1535FCA200CB0B0A /* Models */ = {
			isa = PBXGroup;
			children = (
				25E3F5BE15395723003FABD2 /* Reachability.h */,
				25E3F5BF15395723003FABD2 /* Reachability.m */,
				2513DEDC1535FCA200CB0B0A /* MoeFmAPI.h */,
				2513DEDD1535FCA200CB0B0A /* MoeFmAPI.m */,
				2513DEDF1535FCB800CB0B0A /* MoeFmPlayer.h */,
				2513DEE01535FCB800CB0B0A /* MoeFmPlayer.m */,
				4752973315DFE32C00F85CFE /* TouchJSON */,
			);
			path = Models;
			sourceTree = "<group>";
		};
		2535787A1530918E008185BD = {
			isa = PBXGroup;
			children = (
				2535789115309190008185BD /* Moe FM */,
				2535788815309190008185BD /* Frameworks */,
				2535788615309190008185BD /* Products */,
			);
			sourceTree = "<group>";
		};
		2535788615309190008185BD /* Products */ = {
			isa = PBXGroup;
			children = (
				2535788515309190008185BD /* Moe FM.app */,
			);
			name = Products;
			sourceTree = "<group>";
		};
		2535788815309190008185BD /* Frameworks */ = {
			isa = PBXGroup;
			children = (
				25E3F5C915396020003FABD2 /* SystemConfiguration.framework */,
				25B35B2E1531DCA300D1EAEC /* QuartzCore.framework */,
				25B35B2C1531DC9200D1EAEC /* CFNetwork.framework */,
				25B35B2A1531DC8300D1EAEC /* AudioToolbox.framework */,
				25B35B281531DC7900D1EAEC /* MediaPlayer.framework */,
				2535788915309190008185BD /* UIKit.framework */,
				2535788B15309190008185BD /* Foundation.framework */,
				2535788D15309190008185BD /* CoreGraphics.framework */,
				2535788F15309190008185BD /* CoreData.framework */,
			);
			name = Frameworks;
			sourceTree = "<group>";
		};
		2535789115309190008185BD /* Moe FM */ = {
			isa = PBXGroup;
			children = (
				2535789A15309190008185BD /* MFMAppDelegate.h */,
				2535789B15309191008185BD /* MFMAppDelegate.m */,
				25B35B0E15314F7500D1EAEC /* MFMPlayerViewController.h */,
				25B35B0F15314F7500D1EAEC /* MFMPlayerViewController.m */,
				2535789D15309191008185BD /* Moe_FM.xcdatamodeld */,
				2513DEDB1535FCA200CB0B0A /* Models */,
				25B35B1C1531B30200D1EAEC /* AudioStreamer */,
				253578AD1530A0C0008185BD /* Resources */,
				2535789215309190008185BD /* Supporting Files */,
			);
			path = "Moe FM";
			sourceTree = "<group>";
		};
		2535789215309190008185BD /* Supporting Files */ = {
			isa = PBXGroup;
			children = (
				4753D3FF15DD3F9800B6267C /* Mainwindow.xib */,
				4753D40115DD431200B6267C /* MFMPlayerViewController.xib */,
				25E3F5D31539A474003FABD2 /* Localizable.strings */,
				2535789315309190008185BD /* Moe FM-Info.plist */,
				2535789415309190008185BD /* InfoPlist.strings */,
				2535789715309190008185BD /* main.m */,
				2535789915309190008185BD /* Moe FM-Prefix.pch */,
			);
			name = "Supporting Files";
			sourceTree = "<group>";
		};
		253578AD1530A0C0008185BD /* Resources */ = {
			isa = PBXGroup;
			children = (
				25E3F5FE1539D3DA003FABD2 /* Icon.png */,
				25E3F5FF1539D3DA003FABD2 /* Icon@2x.png */,
				25E3F5FA1539C87C003FABD2 /* default.png */,
				25E3F5FB1539C87C003FABD2 /* default@2x.png */,
				25E3F5EB1539B866003FABD2 /* dislike_no@2x.png */,
				25E3F5EC1539B866003FABD2 /* dislike_yes@2x.png */,
				25E3F5ED1539B866003FABD2 /* fav_no@2x.png */,
				25E3F5EE1539B866003FABD2 /* fav_yes@2x.png */,
				25E3F5EF1539B866003FABD2 /* next@2x.png */,
				25E3F5F01539B866003FABD2 /* pause@2x.png */,
				25E3F5F11539B866003FABD2 /* play@2x.png */,
				25E3F5E91539B4AF003FABD2 /* bg_sand.png */,
				25E3F5DB1539B174003FABD2 /* dislike_no.png */,
				25E3F5DC1539B174003FABD2 /* dislike_yes.png */,
				25E3F5DD1539B174003FABD2 /* fav_no.png */,
				25E3F5DE1539B174003FABD2 /* fav_yes.png */,
				25E3F5DF1539B175003FABD2 /* next.png */,
				25E3F5E01539B175003FABD2 /* pause.png */,
				25E3F5E11539B175003FABD2 /* play.png */,
				253578AE1530A0C0008185BD /* buttons.png */,
				253578AF1530A0C0008185BD /* cover_large.png */,
				253578B01530A0C0008185BD /* cover_medium.png */,
				253578B11530A0C0008185BD /* cover_small.png */,
			);
			path = Resources;
			sourceTree = "<group>";
		};
		25B35B1C1531B30200D1EAEC /* AudioStreamer */ = {
			isa = PBXGroup;
			children = (
				25B35B241531DA1000D1EAEC /* UIDevice+Hardware.h */,
				25B35B251531DA1000D1EAEC /* UIDevice+Hardware.m */,
				25B35B1D1531B30200D1EAEC /* AudioStreamer.h */,
				25B35B1E1531B30200D1EAEC /* AudioStreamer.m */,
			);
			path = AudioStreamer;
			sourceTree = "<group>";
		};
		4752973315DFE32C00F85CFE /* TouchJSON */ = {
			isa = PBXGroup;
			children = (
				4752973415DFE32C00F85CFE /* CDataScanner.h */,
				4752973515DFE32C00F85CFE /* CDataScanner.m */,
				4752973615DFE32C00F85CFE /* Experimental */,
				4752973F15DFE32C00F85CFE /* Extensions */,
				4752974415DFE32C00F85CFE /* JSON */,
			);
			path = TouchJSON;
			sourceTree = "<group>";
		};
		4752973615DFE32C00F85CFE /* Experimental */ = {
			isa = PBXGroup;
			children = (
				4752973715DFE32C00F85CFE /* CFilteringJSONSerializer.h */,
				4752973815DFE32C00F85CFE /* CFilteringJSONSerializer.m */,
				4752973915DFE32C00F85CFE /* CJSONDeserializer_BlocksExtensions.h */,
				4752973A15DFE32C00F85CFE /* CJSONDeserializer_BlocksExtensions.m */,
				4752973B15DFE32C00F85CFE /* CJSONSerialization.h */,
				4752973C15DFE32C00F85CFE /* CJSONSerialization.m */,
				4752973D15DFE32C00F85CFE /* CJSONSerializedData.h */,
				4752973E15DFE32C00F85CFE /* CJSONSerializedData.m */,
			);
			path = Experimental;
			sourceTree = "<group>";
		};
		4752973F15DFE32C00F85CFE /* Extensions */ = {
			isa = PBXGroup;
			children = (
				4752974015DFE32C00F85CFE /* CDataScanner_Extensions.h */,
				4752974115DFE32C00F85CFE /* CDataScanner_Extensions.m */,
				4752974215DFE32C00F85CFE /* NSDictionary_JSONExtensions.h */,
				4752974315DFE32C00F85CFE /* NSDictionary_JSONExtensions.m */,
			);
			path = Extensions;
			sourceTree = "<group>";
		};
		4752974415DFE32C00F85CFE /* JSON */ = {
			isa = PBXGroup;
			children = (
				4752974515DFE32C00F85CFE /* CJSONDeserializer.h */,
				4752974615DFE32C00F85CFE /* CJSONDeserializer.m */,
				4752974715DFE32C00F85CFE /* CJSONScanner.h */,
				4752974815DFE32C00F85CFE /* CJSONScanner.m */,
				4752974915DFE32C00F85CFE /* CJSONSerializer.h */,
				4752974A15DFE32C00F85CFE /* CJSONSerializer.m */,
				4752974B15DFE32C00F85CFE /* JSONRepresentation.h */,
			);
			path = JSON;
			sourceTree = "<group>";
		};
/* End PBXGroup section */

/* Begin PBXNativeTarget section */
		253578841530918F008185BD /* Moe FM */ = {
			isa = PBXNativeTarget;
			buildConfigurationList = 253578A215309191008185BD /* Build configuration list for PBXNativeTarget "Moe FM" */;
			buildPhases = (
				253578811530918F008185BD /* Sources */,
				253578821530918F008185BD /* Frameworks */,
				253578831530918F008185BD /* Resources */,
			);
			buildRules = (
			);
			dependencies = (
			);
			name = "Moe FM";
			productName = "Moe FM";
			productReference = 2535788515309190008185BD /* Moe FM.app */;
			productType = "com.apple.product-type.application";
		};
/* End PBXNativeTarget section */

/* Begin PBXProject section */
		2535787C1530918E008185BD /* Project object */ = {
			isa = PBXProject;
			attributes = {
				CLASSPREFIX = MFM;
				LastUpgradeCheck = 0440;
			};
			buildConfigurationList = 2535787F1530918E008185BD /* Build configuration list for PBXProject "Moe FM" */;
			compatibilityVersion = "Xcode 3.2";
			developmentRegion = English;
			hasScannedForEncodings = 0;
			knownRegions = (
				en,
				"zh-Hans",
			);
			mainGroup = 2535787A1530918E008185BD;
			productRefGroup = 2535788615309190008185BD /* Products */;
			projectDirPath = "";
			projectRoot = "";
			targets = (
				253578841530918F008185BD /* Moe FM */,
			);
		};
/* End PBXProject section */

/* Begin PBXResourcesBuildPhase section */
		253578831530918F008185BD /* Resources */ = {
			isa = PBXResourcesBuildPhase;
			buildActionMask = 2147483647;
			files = (
				2535789615309190008185BD /* InfoPlist.strings in Resources */,
				253578B21530A0C0008185BD /* buttons.png in Resources */,
				253578B31530A0C0008185BD /* cover_large.png in Resources */,
				253578B41530A0C0008185BD /* cover_medium.png in Resources */,
				253578B51530A0C0008185BD /* cover_small.png in Resources */,
				25E3F5D11539A474003FABD2 /* Localizable.strings in Resources */,
				25E3F5E21539B175003FABD2 /* dislike_no.png in Resources */,
				25E3F5E31539B175003FABD2 /* dislike_yes.png in Resources */,
				25E3F5E41539B175003FABD2 /* fav_no.png in Resources */,
				25E3F5E51539B175003FABD2 /* fav_yes.png in Resources */,
				25E3F5E61539B175003FABD2 /* next.png in Resources */,
				25E3F5E71539B175003FABD2 /* pause.png in Resources */,
				25E3F5E81539B175003FABD2 /* play.png in Resources */,
				25E3F5EA1539B4B0003FABD2 /* bg_sand.png in Resources */,
				25E3F5F21539B866003FABD2 /* dislike_no@2x.png in Resources */,
				25E3F5F31539B866003FABD2 /* dislike_yes@2x.png in Resources */,
				25E3F5F41539B866003FABD2 /* fav_no@2x.png in Resources */,
				25E3F5F51539B866003FABD2 /* fav_yes@2x.png in Resources */,
				25E3F5F61539B866003FABD2 /* next@2x.png in Resources */,
				25E3F5F71539B866003FABD2 /* pause@2x.png in Resources */,
				25E3F5F81539B866003FABD2 /* play@2x.png in Resources */,
				25E3F5FC1539C87D003FABD2 /* default.png in Resources */,
				25E3F5FD1539C87D003FABD2 /* default@2x.png in Resources */,
				25E3F6001539D3DB003FABD2 /* Icon.png in Resources */,
				25E3F6011539D3DB003FABD2 /* Icon@2x.png in Resources */,
				4753D40015DD3F9800B6267C /* Mainwindow.xib in Resources */,
				4753D40215DD431200B6267C /* MFMPlayerViewController.xib in Resources */,
			);
			runOnlyForDeploymentPostprocessing = 0;
		};
/* End PBXResourcesBuildPhase section */

/* Begin PBXSourcesBuildPhase section */
		253578811530918F008185BD /* Sources */ = {
			isa = PBXSourcesBuildPhase;
			buildActionMask = 2147483647;
			files = (
				2535789815309190008185BD /* main.m in Sources */,
				2535789C15309191008185BD /* MFMAppDelegate.m in Sources */,
				2535789F15309191008185BD /* Moe_FM.xcdatamodeld in Sources */,
				25B35B1015314F7500D1EAEC /* MFMPlayerViewController.m in Sources */,
				25B35B1F1531B30200D1EAEC /* AudioStreamer.m in Sources */,
				25B35B261531DA1100D1EAEC /* UIDevice+Hardware.m in Sources */,
				2513DEDE1535FCA200CB0B0A /* MoeFmAPI.m in Sources */,
				2513DEE11535FCB800CB0B0A /* MoeFmPlayer.m in Sources */,
				25E3F5C015395B78003FABD2 /* Reachability.m in Sources */,
				4752974C15DFE32C00F85CFE /* CDataScanner.m in Sources */,
				4752974D15DFE32C00F85CFE /* CFilteringJSONSerializer.m in Sources */,
				4752974E15DFE32C00F85CFE /* CJSONDeserializer_BlocksExtensions.m in Sources */,
				4752974F15DFE32C00F85CFE /* CJSONSerialization.m in Sources */,
				4752975015DFE32C00F85CFE /* CJSONSerializedData.m in Sources */,
				4752975115DFE32C00F85CFE /* CDataScanner_Extensions.m in Sources */,
				4752975215DFE32C00F85CFE /* NSDictionary_JSONExtensions.m in Sources */,
				4752975315DFE32C00F85CFE /* CJSONDeserializer.m in Sources */,
				4752975415DFE32C00F85CFE /* CJSONScanner.m in Sources */,
				4752975515DFE32C00F85CFE /* CJSONSerializer.m in Sources */,
			);
			runOnlyForDeploymentPostprocessing = 0;
		};
/* End PBXSourcesBuildPhase section */

/* Begin PBXVariantGroup section */
		2535789415309190008185BD /* InfoPlist.strings */ = {
			isa = PBXVariantGroup;
			children = (
				2535789515309190008185BD /* en */,
			);
			name = InfoPlist.strings;
			sourceTree = "<group>";
		};
		25E3F5D31539A474003FABD2 /* Localizable.strings */ = {
			isa = PBXVariantGroup;
			children = (
				25E3F5D21539A474003FABD2 /* en */,
				25E3F5F91539C2E8003FABD2 /* zh-Hans */,
			);
			name = Localizable.strings;
			sourceTree = "<group>";
		};
/* End PBXVariantGroup section */

/* Begin XCBuildConfiguration section */
		253578A015309191008185BD /* Debug */ = {
			isa = XCBuildConfiguration;
			buildSettings = {
				ALWAYS_SEARCH_USER_PATHS = NO;
				ARCHS = (
					armv6,
					armv7,
				);
				CLANG_ENABLE_OBJC_ARC = NO;
				CODE_SIGN_IDENTITY = "iPhone Developer";
				"CODE_SIGN_IDENTITY[sdk=iphoneos*]" = "iPhone Developer";
				COPY_PHASE_STRIP = NO;
				GCC_C_LANGUAGE_STANDARD = gnu99;
				GCC_DYNAMIC_NO_PIC = NO;
				GCC_OPTIMIZATION_LEVEL = 0;
				GCC_PREPROCESSOR_DEFINITIONS = (
					"DEBUG=1",
					"$(inherited)",
				);
				GCC_SYMBOLS_PRIVATE_EXTERN = NO;
				GCC_THUMB_SUPPORT = NO;
				GCC_VERSION = "";
				GCC_WARN_ABOUT_RETURN_TYPE = YES;
				GCC_WARN_UNINITIALIZED_AUTOS = YES;
				GCC_WARN_UNUSED_VARIABLE = YES;
				IPHONEOS_DEPLOYMENT_TARGET = 4.0;
				PROVISIONING_PROFILE = "";
				SDKROOT = iphoneos;
			};
			name = Debug;
		};
		253578A115309191008185BD /* Release */ = {
			isa = XCBuildConfiguration;
			buildSettings = {
				ALWAYS_SEARCH_USER_PATHS = NO;
				ARCHS = (
					armv6,
					armv7,
				);
				CLANG_ENABLE_OBJC_ARC = NO;
				CODE_SIGN_IDENTITY = "iPhone Developer";
				"CODE_SIGN_IDENTITY[sdk=iphoneos*]" = "iPhone Developer";
				COPY_PHASE_STRIP = YES;
				GCC_C_LANGUAGE_STANDARD = gnu99;
				GCC_THUMB_SUPPORT = NO;
				GCC_VERSION = "";
				GCC_WARN_ABOUT_RETURN_TYPE = YES;
				GCC_WARN_UNINITIALIZED_AUTOS = YES;
				GCC_WARN_UNUSED_VARIABLE = YES;
				IPHONEOS_DEPLOYMENT_TARGET = 4.0;
				OTHER_CFLAGS = "-DNS_BLOCK_ASSERTIONS=1";
				PROVISIONING_PROFILE = "";
				SDKROOT = iphoneos;
				VALIDATE_PRODUCT = YES;
			};
			name = Release;
		};
		253578A315309191008185BD /* Debug */ = {
			isa = XCBuildConfiguration;
			buildSettings = {
				CODE_SIGN_IDENTITY = "iPhone Developer";
				GCC_PRECOMPILE_PREFIX_HEADER = YES;
				GCC_PREFIX_HEADER = "Moe FM/Moe FM-Prefix.pch";
				GCC_THUMB_SUPPORT = NO;
				INFOPLIST_FILE = "Moe FM/Moe FM-Info.plist";
				IPHONEOS_DEPLOYMENT_TARGET = 4.2;
				PRODUCT_NAME = "$(TARGET_NAME)";
				PROVISIONING_PROFILE = "";
				WRAPPER_EXTENSION = app;
			};
			name = Debug;
		};
		253578A415309191008185BD /* Release */ = {
			isa = XCBuildConfiguration;
			buildSettings = {
				CODE_SIGN_IDENTITY = "iPhone Distribution";
				GCC_PRECOMPILE_PREFIX_HEADER = YES;
				GCC_PREFIX_HEADER = "Moe FM/Moe FM-Prefix.pch";
				GCC_THUMB_SUPPORT = NO;
				INFOPLIST_FILE = "Moe FM/Moe FM-Info.plist";
				IPHONEOS_DEPLOYMENT_TARGET = 4.2;
				PRODUCT_NAME = "$(TARGET_NAME)";
				PROVISIONING_PROFILE = "";
				WRAPPER_EXTENSION = app;
			};
			name = Release;
		};
/* End XCBuildConfiguration section */

/* Begin XCConfigurationList section */
		2535787F1530918E008185BD /* Build configuration list for PBXProject "Moe FM" */ = {
			isa = XCConfigurationList;
			buildConfigurations = (
				253578A015309191008185BD /* Debug */,
				253578A115309191008185BD /* Release */,
			);
			defaultConfigurationIsVisible = 0;
			defaultConfigurationName = Release;
		};
		253578A215309191008185BD /* Build configuration list for PBXNativeTarget "Moe FM" */ = {
			isa = XCConfigurationList;
			buildConfigurations = (
				253578A315309191008185BD /* Debug */,
				253578A415309191008185BD /* Release */,
			);
			defaultConfigurationIsVisible = 0;
			defaultConfigurationName = Release;
		};
/* End XCConfigurationList section */

/* Begin XCVersionGroup section */
		2535789D15309191008185BD /* Moe_FM.xcdatamodeld */ = {
			isa = XCVersionGroup;
			children = (
				2535789E15309191008185BD /* Moe_FM.xcdatamodel */,
			);
			currentVersion = 2535789E15309191008185BD /* Moe_FM.xcdatamodel */;
			path = Moe_FM.xcdatamodeld;
			sourceTree = "<group>";
			versionGroupType = wrapper.xcdatamodel;
		};
/* End XCVersionGroup section */
	};
	rootObject = 2535787C1530918E008185BD /* Project object */;
}
